// !$*UTF8*$!
{
	archiveVersion = 1;
	classes = {
	};
	objectVersion = 50;
	objects = {

/* Begin PBXBuildFile section */
		14ECA9B05A9DED1BC9FCBD4E /* Pods_PointExchange.framework in Frameworks */ = {isa = PBXBuildFile; fileRef = 5A897BC2C945E2D586CADDA3 /* Pods_PointExchange.framework */; };
		3E46B75A20EFDFA000843193 /* Store.storyboard in Resources */ = {isa = PBXBuildFile; fileRef = 3E46B75920EFDFA000843193 /* Store.storyboard */; };
		3E46B75C20EFDFE400843193 /* Exchange.storyboard in Resources */ = {isa = PBXBuildFile; fileRef = 3E46B75B20EFDFE400843193 /* Exchange.storyboard */; };
		3E46B75E20EFE00400843193 /* Discover.storyboard in Resources */ = {isa = PBXBuildFile; fileRef = 3E46B75D20EFE00400843193 /* Discover.storyboard */; };
		3E46B76120EFE05500843193 /* HomePage.storyboard in Resources */ = {isa = PBXBuildFile; fileRef = 3E46B75F20EFE05500843193 /* HomePage.storyboard */; };
		3E46B76420EFE0B400843193 /* User.storyboard in Resources */ = {isa = PBXBuildFile; fileRef = 3E46B76220EFE0B400843193 /* User.storyboard */; };
		3E46B76920F06E0200843193 /* CardDetailTableViewController.swift in Sources */ = {isa = PBXBuildFile; fileRef = 3E46B76820F06E0200843193 /* CardDetailTableViewController.swift */; };
		3E46B76D20F09E7900843193 /* ExchangeViewController.swift in Sources */ = {isa = PBXBuildFile; fileRef = 3E46B76C20F09E7900843193 /* ExchangeViewController.swift */; };
		3E46B77120F0A80F00843193 /* ExchangeItemCell.swift in Sources */ = {isa = PBXBuildFile; fileRef = 3E46B77020F0A80F00843193 /* ExchangeItemCell.swift */; };
		3E46B77320F0BD5C00843193 /* UIViewControllerExtension.swift in Sources */ = {isa = PBXBuildFile; fileRef = 3E46B77220F0BD5C00843193 /* UIViewControllerExtension.swift */; };
		3E4C155620EDFF87000743C0 /* DiscoverViewController.swift in Sources */ = {isa = PBXBuildFile; fileRef = 3E4C155520EDFF87000743C0 /* DiscoverViewController.swift */; };
		3E4C155820EE0087000743C0 /* QRScanViewController.swift in Sources */ = {isa = PBXBuildFile; fileRef = 3E4C155720EE0087000743C0 /* QRScanViewController.swift */; };
		3E4C155A20EE00E7000743C0 /* StoreViewController.swift in Sources */ = {isa = PBXBuildFile; fileRef = 3E4C155920EE00E7000743C0 /* StoreViewController.swift */; };
		3E4C155C20EE0117000743C0 /* SettingViewController.swift in Sources */ = {isa = PBXBuildFile; fileRef = 3E4C155B20EE0117000743C0 /* SettingViewController.swift */; };
		3E4C156020EE0185000743C0 /* LoginViewController.swift in Sources */ = {isa = PBXBuildFile; fileRef = 3E4C155F20EE0185000743C0 /* LoginViewController.swift */; };
		3E4C156220EE01AB000743C0 /* SignUpViewController.swift in Sources */ = {isa = PBXBuildFile; fileRef = 3E4C156120EE01AB000743C0 /* SignUpViewController.swift */; };
		3E8AB4B120EDAEDC00915561 /* AppDelegate.swift in Sources */ = {isa = PBXBuildFile; fileRef = 3E8AB4B020EDAEDC00915561 /* AppDelegate.swift */; };
		3E8AB4B820EDAEDE00915561 /* Assets.xcassets in Resources */ = {isa = PBXBuildFile; fileRef = 3E8AB4B720EDAEDE00915561 /* Assets.xcassets */; };
		3E8AB4BB20EDAEDE00915561 /* LaunchScreen.storyboard in Resources */ = {isa = PBXBuildFile; fileRef = 3E8AB4B920EDAEDE00915561 /* LaunchScreen.storyboard */; };
		3E8AB4C520EDAFB300915561 /* Main.storyboard in Resources */ = {isa = PBXBuildFile; fileRef = 3E8AB4C320EDAFB300915561 /* Main.storyboard */; };
		3EA0334B20EDCE3E00D05A03 /* UIColorExtension.swift in Sources */ = {isa = PBXBuildFile; fileRef = 3EA0334A20EDCE3E00D05A03 /* UIColorExtension.swift */; };
		3EBB5D1320EE27E200B559BA /* ImageScrollerViewController.swift in Sources */ = {isa = PBXBuildFile; fileRef = 3EBB5D1120EE1D0000B559BA /* ImageScrollerViewController.swift */; };
		3EBB5D1420EE27E200B559BA /* MainViewController.swift in Sources */ = {isa = PBXBuildFile; fileRef = 3E4C155320EDFF5A000743C0 /* MainViewController.swift */; };
		3EBB5D1620EE668700B559BA /* CardInfoTableViewController.swift in Sources */ = {isa = PBXBuildFile; fileRef = 3EBB5D1520EE668700B559BA /* CardInfoTableViewController.swift */; };
		3EBB5D1820EE7C6200B559BA /* AddCardTableViewController.swift in Sources */ = {isa = PBXBuildFile; fileRef = 3EBB5D1720EE7C6200B559BA /* AddCardTableViewController.swift */; };
		B6A6EC4520F05F360079FFA4 /* UIViewExtension.swift in Sources */ = {isa = PBXBuildFile; fileRef = B6A6EC4420F05F360079FFA4 /* UIViewExtension.swift */; };
		B6A6EC4720F0A8220079FFA4 /* FeedbackViewController.swift in Sources */ = {isa = PBXBuildFile; fileRef = B6A6EC4620F0A8220079FFA4 /* FeedbackViewController.swift */; };
		B6A6EC4920F0A8380079FFA4 /* AboutViewController.swift in Sources */ = {isa = PBXBuildFile; fileRef = B6A6EC4820F0A8380079FFA4 /* AboutViewController.swift */; };
		B6A6EC4B20F0AE160079FFA4 /* UserViewController.swift in Sources */ = {isa = PBXBuildFile; fileRef = B6A6EC4A20F0AE160079FFA4 /* UserViewController.swift */; };
		B6A6EC4D20F0AE490079FFA4 /* UserSettingViewController.swift in Sources */ = {isa = PBXBuildFile; fileRef = B6A6EC4C20F0AE490079FFA4 /* UserSettingViewController.swift */; };
		B6A6EC4F20F0B4400079FFA4 /* EditTableViewController.swift in Sources */ = {isa = PBXBuildFile; fileRef = B6A6EC4E20F0B4400079FFA4 /* EditTableViewController.swift */; };
		B6A6EC5120F0C9260079FFA4 /* KeychainHandler.swift in Sources */ = {isa = PBXBuildFile; fileRef = B6A6EC5020F0C9260079FFA4 /* KeychainHandler.swift */; };
		B6A6EC5420F106060079FFA4 /* OrdersTableViewController.swift in Sources */ = {isa = PBXBuildFile; fileRef = B6A6EC5320F106060079FFA4 /* OrdersTableViewController.swift */; };
		B6A6EC5620F112200079FFA4 /* AddBankCardTableViewController.swift in Sources */ = {isa = PBXBuildFile; fileRef = B6A6EC5520F112200079FFA4 /* AddBankCardTableViewController.swift */; };
		B6A6EC5820F1C34F0079FFA4 /* OrderDetailTableViewController.swift in Sources */ = {isa = PBXBuildFile; fileRef = B6A6EC5720F1C34F0079FFA4 /* OrderDetailTableViewController.swift */; };
		B6A6EC5A20F1E6270079FFA4 /* ScanCodeManager.swift in Sources */ = {isa = PBXBuildFile; fileRef = B6A6EC5920F1E6270079FFA4 /* ScanCodeManager.swift */; };
		C1ED982120EE1C7900A2F0C5 /* User.swift in Sources */ = {isa = PBXBuildFile; fileRef = C1ED982020EE1C7900A2F0C5 /* User.swift */; };
		C1ED982320EE1E3900A2F0C5 /* Card.swift in Sources */ = {isa = PBXBuildFile; fileRef = C1ED982220EE1E3900A2F0C5 /* Card.swift */; };
/* End PBXBuildFile section */

/* Begin PBXFileReference section */
		3E46B75920EFDFA000843193 /* Store.storyboard */ = {isa = PBXFileReference; fileEncoding = 4; lastKnownFileType = file.storyboard; path = Store.storyboard; sourceTree = "<group>"; };
		3E46B75B20EFDFE400843193 /* Exchange.storyboard */ = {isa = PBXFileReference; fileEncoding = 4; lastKnownFileType = file.storyboard; path = Exchange.storyboard; sourceTree = "<group>"; };
		3E46B75D20EFE00400843193 /* Discover.storyboard */ = {isa = PBXFileReference; fileEncoding = 4; lastKnownFileType = file.storyboard; path = Discover.storyboard; sourceTree = "<group>"; };
		3E46B76020EFE05500843193 /* Base */ = {isa = PBXFileReference; lastKnownFileType = file.storyboard; name = Base; path = Base.lproj/HomePage.storyboard; sourceTree = "<group>"; };
		3E46B76320EFE0B400843193 /* Base */ = {isa = PBXFileReference; lastKnownFileType = file.storyboard; name = Base; path = Base.lproj/User.storyboard; sourceTree = "<group>"; };
		3E46B76820F06E0200843193 /* CardDetailTableViewController.swift */ = {isa = PBXFileReference; lastKnownFileType = sourcecode.swift; path = CardDetailTableViewController.swift; sourceTree = "<group>"; };
		3E46B76C20F09E7900843193 /* ExchangeViewController.swift */ = {isa = PBXFileReference; fileEncoding = 4; lastKnownFileType = sourcecode.swift; path = ExchangeViewController.swift; sourceTree = "<group>"; };
		3E46B77020F0A80F00843193 /* ExchangeItemCell.swift */ = {isa = PBXFileReference; lastKnownFileType = sourcecode.swift; path = ExchangeItemCell.swift; sourceTree = "<group>"; };
		3E46B77220F0BD5C00843193 /* UIViewControllerExtension.swift */ = {isa = PBXFileReference; lastKnownFileType = sourcecode.swift; path = UIViewControllerExtension.swift; sourceTree = "<group>"; };
		3E4C155320EDFF5A000743C0 /* MainViewController.swift */ = {isa = PBXFileReference; lastKnownFileType = sourcecode.swift; path = MainViewController.swift; sourceTree = "<group>"; };
		3E4C155520EDFF87000743C0 /* DiscoverViewController.swift */ = {isa = PBXFileReference; lastKnownFileType = sourcecode.swift; path = DiscoverViewController.swift; sourceTree = "<group>"; };
		3E4C155720EE0087000743C0 /* QRScanViewController.swift */ = {isa = PBXFileReference; lastKnownFileType = sourcecode.swift; path = QRScanViewController.swift; sourceTree = "<group>"; };
		3E4C155920EE00E7000743C0 /* StoreViewController.swift */ = {isa = PBXFileReference; lastKnownFileType = sourcecode.swift; path = StoreViewController.swift; sourceTree = "<group>"; };
		3E4C155B20EE0117000743C0 /* SettingViewController.swift */ = {isa = PBXFileReference; lastKnownFileType = sourcecode.swift; path = SettingViewController.swift; sourceTree = "<group>"; };
		3E4C155F20EE0185000743C0 /* LoginViewController.swift */ = {isa = PBXFileReference; lastKnownFileType = sourcecode.swift; path = LoginViewController.swift; sourceTree = "<group>"; };
		3E4C156120EE01AB000743C0 /* SignUpViewController.swift */ = {isa = PBXFileReference; lastKnownFileType = sourcecode.swift; path = SignUpViewController.swift; sourceTree = "<group>"; };
		3E8AB4AD20EDAEDC00915561 /* PointExchange.app */ = {isa = PBXFileReference; explicitFileType = wrapper.application; includeInIndex = 0; path = PointExchange.app; sourceTree = BUILT_PRODUCTS_DIR; };
		3E8AB4B020EDAEDC00915561 /* AppDelegate.swift */ = {isa = PBXFileReference; lastKnownFileType = sourcecode.swift; path = AppDelegate.swift; sourceTree = "<group>"; };
		3E8AB4B720EDAEDE00915561 /* Assets.xcassets */ = {isa = PBXFileReference; lastKnownFileType = folder.assetcatalog; path = Assets.xcassets; sourceTree = "<group>"; };
		3E8AB4BA20EDAEDE00915561 /* Base */ = {isa = PBXFileReference; lastKnownFileType = file.storyboard; name = Base; path = Base.lproj/LaunchScreen.storyboard; sourceTree = "<group>"; };
		3E8AB4BC20EDAEDE00915561 /* Info.plist */ = {isa = PBXFileReference; lastKnownFileType = text.plist.xml; path = Info.plist; sourceTree = "<group>"; };
		3E8AB4C420EDAFB300915561 /* Base */ = {isa = PBXFileReference; lastKnownFileType = file.storyboard; name = Base; path = Base.lproj/Main.storyboard; sourceTree = "<group>"; };
		3EA0334A20EDCE3E00D05A03 /* UIColorExtension.swift */ = {isa = PBXFileReference; lastKnownFileType = sourcecode.swift; path = UIColorExtension.swift; sourceTree = "<group>"; };
		3EBB5D1120EE1D0000B559BA /* ImageScrollerViewController.swift */ = {isa = PBXFileReference; fileEncoding = 4; lastKnownFileType = sourcecode.swift; path = ImageScrollerViewController.swift; sourceTree = "<group>"; };
		3EBB5D1520EE668700B559BA /* CardInfoTableViewController.swift */ = {isa = PBXFileReference; lastKnownFileType = sourcecode.swift; path = CardInfoTableViewController.swift; sourceTree = "<group>"; };
		3EBB5D1720EE7C6200B559BA /* AddCardTableViewController.swift */ = {isa = PBXFileReference; lastKnownFileType = sourcecode.swift; path = AddCardTableViewController.swift; sourceTree = "<group>"; };
		5A897BC2C945E2D586CADDA3 /* Pods_PointExchange.framework */ = {isa = PBXFileReference; explicitFileType = wrapper.framework; includeInIndex = 0; path = Pods_PointExchange.framework; sourceTree = BUILT_PRODUCTS_DIR; };
		7ABB2B870EE98E39B9EDF074 /* Pods-PointExchange.release.xcconfig */ = {isa = PBXFileReference; includeInIndex = 1; lastKnownFileType = text.xcconfig; name = "Pods-PointExchange.release.xcconfig"; path = "Pods/Target Support Files/Pods-PointExchange/Pods-PointExchange.release.xcconfig"; sourceTree = "<group>"; };
		AB643E9ED0FC3CD6539BD0EE /* Pods-PointExchange.debug.xcconfig */ = {isa = PBXFileReference; includeInIndex = 1; lastKnownFileType = text.xcconfig; name = "Pods-PointExchange.debug.xcconfig"; path = "Pods/Target Support Files/Pods-PointExchange/Pods-PointExchange.debug.xcconfig"; sourceTree = "<group>"; };
		B6A6EC4420F05F360079FFA4 /* UIViewExtension.swift */ = {isa = PBXFileReference; lastKnownFileType = sourcecode.swift; path = UIViewExtension.swift; sourceTree = "<group>"; };
		B6A6EC4620F0A8220079FFA4 /* FeedbackViewController.swift */ = {isa = PBXFileReference; lastKnownFileType = sourcecode.swift; path = FeedbackViewController.swift; sourceTree = "<group>"; };
		B6A6EC4820F0A8380079FFA4 /* AboutViewController.swift */ = {isa = PBXFileReference; lastKnownFileType = sourcecode.swift; path = AboutViewController.swift; sourceTree = "<group>"; };
		B6A6EC4A20F0AE160079FFA4 /* UserViewController.swift */ = {isa = PBXFileReference; fileEncoding = 4; lastKnownFileType = sourcecode.swift; path = UserViewController.swift; sourceTree = "<group>"; };
		B6A6EC4C20F0AE490079FFA4 /* UserSettingViewController.swift */ = {isa = PBXFileReference; lastKnownFileType = sourcecode.swift; path = UserSettingViewController.swift; sourceTree = "<group>"; };
		B6A6EC4E20F0B4400079FFA4 /* EditTableViewController.swift */ = {isa = PBXFileReference; lastKnownFileType = sourcecode.swift; path = EditTableViewController.swift; sourceTree = "<group>"; };
		B6A6EC5020F0C9260079FFA4 /* KeychainHandler.swift */ = {isa = PBXFileReference; lastKnownFileType = sourcecode.swift; path = KeychainHandler.swift; sourceTree = "<group>"; };
		B6A6EC5220F0CAE90079FFA4 /* PointExchange.entitlements */ = {isa = PBXFileReference; lastKnownFileType = text.plist.entitlements; path = PointExchange.entitlements; sourceTree = "<group>"; };
		B6A6EC5320F106060079FFA4 /* OrdersTableViewController.swift */ = {isa = PBXFileReference; lastKnownFileType = sourcecode.swift; path = OrdersTableViewController.swift; sourceTree = "<group>"; };
		B6A6EC5520F112200079FFA4 /* AddBankCardTableViewController.swift */ = {isa = PBXFileReference; lastKnownFileType = sourcecode.swift; path = AddBankCardTableViewController.swift; sourceTree = "<group>"; };
		B6A6EC5720F1C34F0079FFA4 /* OrderDetailTableViewController.swift */ = {isa = PBXFileReference; lastKnownFileType = sourcecode.swift; path = OrderDetailTableViewController.swift; sourceTree = "<group>"; };
		B6A6EC5920F1E6270079FFA4 /* ScanCodeManager.swift */ = {isa = PBXFileReference; lastKnownFileType = sourcecode.swift; path = ScanCodeManager.swift; sourceTree = "<group>"; };
		C1ED982020EE1C7900A2F0C5 /* User.swift */ = {isa = PBXFileReference; lastKnownFileType = sourcecode.swift; path = User.swift; sourceTree = "<group>"; };
		C1ED982220EE1E3900A2F0C5 /* Card.swift */ = {isa = PBXFileReference; lastKnownFileType = sourcecode.swift; path = Card.swift; sourceTree = "<group>"; };
/* End PBXFileReference section */

/* Begin PBXFrameworksBuildPhase section */
		3E8AB4AA20EDAEDC00915561 /* Frameworks */ = {
			isa = PBXFrameworksBuildPhase;
			buildActionMask = 2147483647;
			files = (
				14ECA9B05A9DED1BC9FCBD4E /* Pods_PointExchange.framework in Frameworks */,
			);
			runOnlyForDeploymentPostprocessing = 0;
		};
/* End PBXFrameworksBuildPhase section */

/* Begin PBXGroup section */
		3E46B76520EFE1F200843193 /* storyboard */ = {
			isa = PBXGroup;
			children = (
				3E46B76220EFE0B400843193 /* User.storyboard */,
				3E46B75F20EFE05500843193 /* HomePage.storyboard */,
				3E46B75D20EFE00400843193 /* Discover.storyboard */,
				3E46B75B20EFDFE400843193 /* Exchange.storyboard */,
				3E46B75920EFDFA000843193 /* Store.storyboard */,
				3E8AB4C320EDAFB300915561 /* Main.storyboard */,
			);
			name = storyboard;
			sourceTree = "<group>";
		};
		3E8AB4A420EDAEDC00915561 = {
			isa = PBXGroup;
			children = (
				3E8AB4AF20EDAEDC00915561 /* PointExchange */,
				3E8AB4AE20EDAEDC00915561 /* Products */,
				6F37093A26C5F7D98AB5745B /* Pods */,
				63CAE8CF1E8136F012CC53A9 /* Frameworks */,
			);
			sourceTree = "<group>";
		};
		3E8AB4AE20EDAEDC00915561 /* Products */ = {
			isa = PBXGroup;
			children = (
				3E8AB4AD20EDAEDC00915561 /* PointExchange.app */,
			);
			name = Products;
			sourceTree = "<group>";
		};
		3E8AB4AF20EDAEDC00915561 /* PointExchange */ = {
			isa = PBXGroup;
			children = (
				B6A6EC5220F0CAE90079FFA4 /* PointExchange.entitlements */,
				3E8AB4B720EDAEDE00915561 /* Assets.xcassets */,
				3E46B76520EFE1F200843193 /* storyboard */,
				3EBB5D1020EE1CC300B559BA /* Utility */,
				3EA0334920EDCDF700D05A03 /* Extensions */,
				3E8AB4C720EDBAAF00915561 /* View */,
				3EA0334C20EDCEA000D05A03 /* Application */,
				3E8AB4C920EDBABF00915561 /* Controller */,
				3E8AB4C820EDBABB00915561 /* Model */,
				3E8AB4C220EDAF0600915561 /* Supporting Files */,
			);
			path = PointExchange;
			sourceTree = "<group>";
		};
		3E8AB4C220EDAF0600915561 /* Supporting Files */ = {
			isa = PBXGroup;
			children = (
				3E8AB4BC20EDAEDE00915561 /* Info.plist */,
				3E8AB4B920EDAEDE00915561 /* LaunchScreen.storyboard */,
			);
			name = "Supporting Files";
			sourceTree = "<group>";
		};
		3E8AB4C720EDBAAF00915561 /* View */ = {
			isa = PBXGroup;
			children = (
				3E46B77020F0A80F00843193 /* ExchangeItemCell.swift */,
			);
			name = View;
			sourceTree = "<group>";
		};
		3E8AB4C820EDBABB00915561 /* Model */ = {
			isa = PBXGroup;
			children = (
				C1ED982020EE1C7900A2F0C5 /* User.swift */,
				C1ED982220EE1E3900A2F0C5 /* Card.swift */,
			);
			name = Model;
			sourceTree = "<group>";
		};
		3E8AB4C920EDBABF00915561 /* Controller */ = {
			isa = PBXGroup;
			children = (
				B6A6EC4A20F0AE160079FFA4 /* UserViewController.swift */,
				3E46B76C20F09E7900843193 /* ExchangeViewController.swift */,
				3E4C155320EDFF5A000743C0 /* MainViewController.swift */,
				3E4C155520EDFF87000743C0 /* DiscoverViewController.swift */,
				3E4C155720EE0087000743C0 /* QRScanViewController.swift */,
				3E4C155920EE00E7000743C0 /* StoreViewController.swift */,
				3E4C155B20EE0117000743C0 /* SettingViewController.swift */,
				3E4C155F20EE0185000743C0 /* LoginViewController.swift */,
				3E4C156120EE01AB000743C0 /* SignUpViewController.swift */,
				3EBB5D1520EE668700B559BA /* CardInfoTableViewController.swift */,
				3EBB5D1720EE7C6200B559BA /* AddCardTableViewController.swift */,
				B6A6EC4620F0A8220079FFA4 /* FeedbackViewController.swift */,
				B6A6EC4820F0A8380079FFA4 /* AboutViewController.swift */,
				B6A6EC4C20F0AE490079FFA4 /* UserSettingViewController.swift */,
				B6A6EC4E20F0B4400079FFA4 /* EditTableViewController.swift */,
				3E46B76820F06E0200843193 /* CardDetailTableViewController.swift */,
				B6A6EC5320F106060079FFA4 /* OrdersTableViewController.swift */,
				B6A6EC5520F112200079FFA4 /* AddBankCardTableViewController.swift */,
				B6A6EC5720F1C34F0079FFA4 /* OrderDetailTableViewController.swift */,
			);
			name = Controller;
			sourceTree = "<group>";
		};
		3EA0334920EDCDF700D05A03 /* Extensions */ = {
			isa = PBXGroup;
			children = (
				3EA0334A20EDCE3E00D05A03 /* UIColorExtension.swift */,
				B6A6EC4420F05F360079FFA4 /* UIViewExtension.swift */,
				3E46B77220F0BD5C00843193 /* UIViewControllerExtension.swift */,
			);
			name = Extensions;
			sourceTree = "<group>";
		};
		3EA0334C20EDCEA000D05A03 /* Application */ = {
			isa = PBXGroup;
			children = (
				3E8AB4B020EDAEDC00915561 /* AppDelegate.swift */,
			);
			name = Application;
			sourceTree = "<group>";
		};
		3EBB5D1020EE1CC300B559BA /* Utility */ = {
			isa = PBXGroup;
			children = (
				3EBB5D1120EE1D0000B559BA /* ImageScrollerViewController.swift */,
				B6A6EC5020F0C9260079FFA4 /* KeychainHandler.swift */,
				B6A6EC5920F1E6270079FFA4 /* ScanCodeManager.swift */,
			);
			name = Utility;
			sourceTree = "<group>";
		};
		63CAE8CF1E8136F012CC53A9 /* Frameworks */ = {
			isa = PBXGroup;
			children = (
				5A897BC2C945E2D586CADDA3 /* Pods_PointExchange.framework */,
			);
			name = Frameworks;
			sourceTree = "<group>";
		};
		6F37093A26C5F7D98AB5745B /* Pods */ = {
			isa = PBXGroup;
			children = (
				AB643E9ED0FC3CD6539BD0EE /* Pods-PointExchange.debug.xcconfig */,
				7ABB2B870EE98E39B9EDF074 /* Pods-PointExchange.release.xcconfig */,
			);
			name = Pods;
			sourceTree = "<group>";
		};
/* End PBXGroup section */

/* Begin PBXNativeTarget section */
		3E8AB4AC20EDAEDC00915561 /* PointExchange */ = {
			isa = PBXNativeTarget;
			buildConfigurationList = 3E8AB4BF20EDAEDE00915561 /* Build configuration list for PBXNativeTarget "PointExchange" */;
			buildPhases = (
				64A4FF8C2DC9B749279B719C /* [CP] Check Pods Manifest.lock */,
				3E8AB4A920EDAEDC00915561 /* Sources */,
				3E8AB4AA20EDAEDC00915561 /* Frameworks */,
				3E8AB4AB20EDAEDC00915561 /* Resources */,
				4496219832B8D03BF19FBED0 /* [CP] Embed Pods Frameworks */,
			);
			buildRules = (
			);
			dependencies = (
			);
			name = PointExchange;
			productName = PointExchange;
			productReference = 3E8AB4AD20EDAEDC00915561 /* PointExchange.app */;
			productType = "com.apple.product-type.application";
		};
/* End PBXNativeTarget section */

/* Begin PBXProject section */
		3E8AB4A520EDAEDC00915561 /* Project object */ = {
			isa = PBXProject;
			attributes = {
				LastSwiftUpdateCheck = 0940;
				LastUpgradeCheck = 0940;
				ORGANIZATIONNAME = WannaWin;
				TargetAttributes = {
					3E8AB4AC20EDAEDC00915561 = {
						CreatedOnToolsVersion = 9.4.1;
						SystemCapabilities = {
							com.apple.Keychain = {
								enabled = 1;
							};
						};
					};
				};
			};
			buildConfigurationList = 3E8AB4A820EDAEDC00915561 /* Build configuration list for PBXProject "PointExchange" */;
			compatibilityVersion = "Xcode 9.3";
			developmentRegion = en;
			hasScannedForEncodings = 0;
			knownRegions = (
				en,
				Base,
			);
			mainGroup = 3E8AB4A420EDAEDC00915561;
			productRefGroup = 3E8AB4AE20EDAEDC00915561 /* Products */;
			projectDirPath = "";
			projectRoot = "";
			targets = (
				3E8AB4AC20EDAEDC00915561 /* PointExchange */,
			);
		};
/* End PBXProject section */

/* Begin PBXResourcesBuildPhase section */
		3E8AB4AB20EDAEDC00915561 /* Resources */ = {
			isa = PBXResourcesBuildPhase;
			buildActionMask = 2147483647;
			files = (
				3E46B75A20EFDFA000843193 /* Store.storyboard in Resources */,
				3E8AB4C520EDAFB300915561 /* Main.storyboard in Resources */,
				3E46B75C20EFDFE400843193 /* Exchange.storyboard in Resources */,
				3E8AB4BB20EDAEDE00915561 /* LaunchScreen.storyboard in Resources */,
				3E46B76120EFE05500843193 /* HomePage.storyboard in Resources */,
				3E46B76420EFE0B400843193 /* User.storyboard in Resources */,
				3E8AB4B820EDAEDE00915561 /* Assets.xcassets in Resources */,
				3E46B75E20EFE00400843193 /* Discover.storyboard in Resources */,
			);
			runOnlyForDeploymentPostprocessing = 0;
		};
/* End PBXResourcesBuildPhase section */

/* Begin PBXShellScriptBuildPhase section */
		4496219832B8D03BF19FBED0 /* [CP] Embed Pods Frameworks */ = {
			isa = PBXShellScriptBuildPhase;
			buildActionMask = 2147483647;
			files = (
			);
			inputPaths = (
				"${SRCROOT}/Pods/Target Support Files/Pods-PointExchange/Pods-PointExchange-frameworks.sh",
				"${BUILT_PRODUCTS_DIR}/AFImageHelper/AFImageHelper.framework",
				"${BUILT_PRODUCTS_DIR}/Alamofire/Alamofire.framework",
				"${BUILT_PRODUCTS_DIR}/Moya/Moya.framework",
				"${BUILT_PRODUCTS_DIR}/Result/Result.framework",
				"${BUILT_PRODUCTS_DIR}/SwiftyJSON/SwiftyJSON.framework",
				"${BUILT_PRODUCTS_DIR}/Valet/Valet.framework",
			);
			name = "[CP] Embed Pods Frameworks";
			outputPaths = (
				"${TARGET_BUILD_DIR}/${FRAMEWORKS_FOLDER_PATH}/AFImageHelper.framework",
				"${TARGET_BUILD_DIR}/${FRAMEWORKS_FOLDER_PATH}/Alamofire.framework",
				"${TARGET_BUILD_DIR}/${FRAMEWORKS_FOLDER_PATH}/Moya.framework",
				"${TARGET_BUILD_DIR}/${FRAMEWORKS_FOLDER_PATH}/Result.framework",
				"${TARGET_BUILD_DIR}/${FRAMEWORKS_FOLDER_PATH}/SwiftyJSON.framework",
				"${TARGET_BUILD_DIR}/${FRAMEWORKS_FOLDER_PATH}/Valet.framework",
			);
			runOnlyForDeploymentPostprocessing = 0;
			shellPath = /bin/sh;
			shellScript = "\"${SRCROOT}/Pods/Target Support Files/Pods-PointExchange/Pods-PointExchange-frameworks.sh\"\n";
			showEnvVarsInLog = 0;
		};
		64A4FF8C2DC9B749279B719C /* [CP] Check Pods Manifest.lock */ = {
			isa = PBXShellScriptBuildPhase;
			buildActionMask = 2147483647;
			files = (
			);
			inputPaths = (
				"${PODS_PODFILE_DIR_PATH}/Podfile.lock",
				"${PODS_ROOT}/Manifest.lock",
			);
			name = "[CP] Check Pods Manifest.lock";
			outputPaths = (
				"$(DERIVED_FILE_DIR)/Pods-PointExchange-checkManifestLockResult.txt",
			);
			runOnlyForDeploymentPostprocessing = 0;
			shellPath = /bin/sh;
			shellScript = "diff \"${PODS_PODFILE_DIR_PATH}/Podfile.lock\" \"${PODS_ROOT}/Manifest.lock\" > /dev/null\nif [ $? != 0 ] ; then\n    # print error to STDERR\n    echo \"error: The sandbox is not in sync with the Podfile.lock. Run 'pod install' or update your CocoaPods installation.\" >&2\n    exit 1\nfi\n# This output is used by Xcode 'outputs' to avoid re-running this script phase.\necho \"SUCCESS\" > \"${SCRIPT_OUTPUT_FILE_0}\"\n";
			showEnvVarsInLog = 0;
		};
/* End PBXShellScriptBuildPhase section */

/* Begin PBXSourcesBuildPhase section */
		3E8AB4A920EDAEDC00915561 /* Sources */ = {
			isa = PBXSourcesBuildPhase;
			buildActionMask = 2147483647;
			files = (
				3EBB5D1620EE668700B559BA /* CardInfoTableViewController.swift in Sources */,
				3EBB5D1320EE27E200B559BA /* ImageScrollerViewController.swift in Sources */,
				B6A6EC4720F0A8220079FFA4 /* FeedbackViewController.swift in Sources */,
				3EBB5D1420EE27E200B559BA /* MainViewController.swift in Sources */,
				B6A6EC4B20F0AE160079FFA4 /* UserViewController.swift in Sources */,
				3E4C156020EE0185000743C0 /* LoginViewController.swift in Sources */,
				3E8AB4B120EDAEDC00915561 /* AppDelegate.swift in Sources */,
				3E46B76920F06E0200843193 /* CardDetailTableViewController.swift in Sources */,
				3E4C155620EDFF87000743C0 /* DiscoverViewController.swift in Sources */,
				3E46B76D20F09E7900843193 /* ExchangeViewController.swift in Sources */,
				B6A6EC4520F05F360079FFA4 /* UIViewExtension.swift in Sources */,
				3E4C155A20EE00E7000743C0 /* StoreViewController.swift in Sources */,
				B6A6EC5620F112200079FFA4 /* AddBankCardTableViewController.swift in Sources */,
				3EBB5D1820EE7C6200B559BA /* AddCardTableViewController.swift in Sources */,
				B6A6EC5120F0C9260079FFA4 /* KeychainHandler.swift in Sources */,
				B6A6EC5A20F1E6270079FFA4 /* ScanCodeManager.swift in Sources */,
				3E4C156220EE01AB000743C0 /* SignUpViewController.swift in Sources */,
				3E46B77320F0BD5C00843193 /* UIViewControllerExtension.swift in Sources */,
				3E46B77120F0A80F00843193 /* ExchangeItemCell.swift in Sources */,
				3EA0334B20EDCE3E00D05A03 /* UIColorExtension.swift in Sources */,
				B6A6EC4F20F0B4400079FFA4 /* EditTableViewController.swift in Sources */,
				B6A6EC4920F0A8380079FFA4 /* AboutViewController.swift in Sources */,
				B6A6EC5820F1C34F0079FFA4 /* OrderDetailTableViewController.swift in Sources */,
				B6A6EC5420F106060079FFA4 /* OrdersTableViewController.swift in Sources */,
				3E4C155820EE0087000743C0 /* QRScanViewController.swift in Sources */,
				B6A6EC4D20F0AE490079FFA4 /* UserSettingViewController.swift in Sources */,
				C1ED982320EE1E3900A2F0C5 /* Card.swift in Sources */,
				3E4C155C20EE0117000743C0 /* SettingViewController.swift in Sources */,
				C1ED982120EE1C7900A2F0C5 /* User.swift in Sources */,
			);
			runOnlyForDeploymentPostprocessing = 0;
		};
/* End PBXSourcesBuildPhase section */

/* Begin PBXVariantGroup section */
		3E46B75F20EFE05500843193 /* HomePage.storyboard */ = {
			isa = PBXVariantGroup;
			children = (
				3E46B76020EFE05500843193 /* Base */,
			);
			name = HomePage.storyboard;
			sourceTree = "<group>";
		};
		3E46B76220EFE0B400843193 /* User.storyboard */ = {
			isa = PBXVariantGroup;
			children = (
				3E46B76320EFE0B400843193 /* Base */,
			);
			name = User.storyboard;
			sourceTree = "<group>";
		};
		3E8AB4B920EDAEDE00915561 /* LaunchScreen.storyboard */ = {
			isa = PBXVariantGroup;
			children = (
				3E8AB4BA20EDAEDE00915561 /* Base */,
			);
			name = LaunchScreen.storyboard;
			sourceTree = "<group>";
		};
		3E8AB4C320EDAFB300915561 /* Main.storyboard */ = {
			isa = PBXVariantGroup;
			children = (
				3E8AB4C420EDAFB300915561 /* Base */,
			);
			name = Main.storyboard;
			sourceTree = "<group>";
		};
/* End PBXVariantGroup section */

/* Begin XCBuildConfiguration section */
		3E8AB4BD20EDAEDE00915561 /* Debug */ = {
			isa = XCBuildConfiguration;
			buildSettings = {
				ALWAYS_SEARCH_USER_PATHS = NO;
				CLANG_ANALYZER_NONNULL = YES;
				CLANG_ANALYZER_NUMBER_OBJECT_CONVERSION = YES_AGGRESSIVE;
				CLANG_CXX_LANGUAGE_STANDARD = "gnu++14";
				CLANG_CXX_LIBRARY = "libc++";
				CLANG_ENABLE_MODULES = YES;
				CLANG_ENABLE_OBJC_ARC = YES;
				CLANG_ENABLE_OBJC_WEAK = YES;
				CLANG_WARN_BLOCK_CAPTURE_AUTORELEASING = YES;
				CLANG_WARN_BOOL_CONVERSION = YES;
				CLANG_WARN_COMMA = YES;
				CLANG_WARN_CONSTANT_CONVERSION = YES;
				CLANG_WARN_DEPRECATED_OBJC_IMPLEMENTATIONS = YES;
				CLANG_WARN_DIRECT_OBJC_ISA_USAGE = YES_ERROR;
				CLANG_WARN_DOCUMENTATION_COMMENTS = YES;
				CLANG_WARN_EMPTY_BODY = YES;
				CLANG_WARN_ENUM_CONVERSION = YES;
				CLANG_WARN_INFINITE_RECURSION = YES;
				CLANG_WARN_INT_CONVERSION = YES;
				CLANG_WARN_NON_LITERAL_NULL_CONVERSION = YES;
				CLANG_WARN_OBJC_IMPLICIT_RETAIN_SELF = YES;
				CLANG_WARN_OBJC_LITERAL_CONVERSION = YES;
				CLANG_WARN_OBJC_ROOT_CLASS = YES_ERROR;
				CLANG_WARN_RANGE_LOOP_ANALYSIS = YES;
				CLANG_WARN_STRICT_PROTOTYPES = YES;
				CLANG_WARN_SUSPICIOUS_MOVE = YES;
				CLANG_WARN_UNGUARDED_AVAILABILITY = YES_AGGRESSIVE;
				CLANG_WARN_UNREACHABLE_CODE = YES;
				CLANG_WARN__DUPLICATE_METHOD_MATCH = YES;
				CODE_SIGN_IDENTITY = "iPhone Developer";
				COPY_PHASE_STRIP = NO;
				DEBUG_INFORMATION_FORMAT = dwarf;
				ENABLE_STRICT_OBJC_MSGSEND = YES;
				ENABLE_TESTABILITY = YES;
				GCC_C_LANGUAGE_STANDARD = gnu11;
				GCC_DYNAMIC_NO_PIC = NO;
				GCC_NO_COMMON_BLOCKS = YES;
				GCC_OPTIMIZATION_LEVEL = 0;
				GCC_PREPROCESSOR_DEFINITIONS = (
					"DEBUG=1",
					"$(inherited)",
				);
				GCC_WARN_64_TO_32_BIT_CONVERSION = YES;
				GCC_WARN_ABOUT_RETURN_TYPE = YES_ERROR;
				GCC_WARN_UNDECLARED_SELECTOR = YES;
				GCC_WARN_UNINITIALIZED_AUTOS = YES_AGGRESSIVE;
				GCC_WARN_UNUSED_FUNCTION = YES;
				GCC_WARN_UNUSED_VARIABLE = YES;
				IPHONEOS_DEPLOYMENT_TARGET = 11.4;
				MTL_ENABLE_DEBUG_INFO = YES;
				ONLY_ACTIVE_ARCH = YES;
				SDKROOT = iphoneos;
				SWIFT_ACTIVE_COMPILATION_CONDITIONS = DEBUG;
				SWIFT_OPTIMIZATION_LEVEL = "-Onone";
			};
			name = Debug;
		};
		3E8AB4BE20EDAEDE00915561 /* Release */ = {
			isa = XCBuildConfiguration;
			buildSettings = {
				ALWAYS_SEARCH_USER_PATHS = NO;
				CLANG_ANALYZER_NONNULL = YES;
				CLANG_ANALYZER_NUMBER_OBJECT_CONVERSION = YES_AGGRESSIVE;
				CLANG_CXX_LANGUAGE_STANDARD = "gnu++14";
				CLANG_CXX_LIBRARY = "libc++";
				CLANG_ENABLE_MODULES = YES;
				CLANG_ENABLE_OBJC_ARC = YES;
				CLANG_ENABLE_OBJC_WEAK = YES;
				CLANG_WARN_BLOCK_CAPTURE_AUTORELEASING = YES;
				CLANG_WARN_BOOL_CONVERSION = YES;
				CLANG_WARN_COMMA = YES;
				CLANG_WARN_CONSTANT_CONVERSION = YES;
				CLANG_WARN_DEPRECATED_OBJC_IMPLEMENTATIONS = YES;
				CLANG_WARN_DIRECT_OBJC_ISA_USAGE = YES_ERROR;
				CLANG_WARN_DOCUMENTATION_COMMENTS = YES;
				CLANG_WARN_EMPTY_BODY = YES;
				CLANG_WARN_ENUM_CONVERSION = YES;
				CLANG_WARN_INFINITE_RECURSION = YES;
				CLANG_WARN_INT_CONVERSION = YES;
				CLANG_WARN_NON_LITERAL_NULL_CONVERSION = YES;
				CLANG_WARN_OBJC_IMPLICIT_RETAIN_SELF = YES;
				CLANG_WARN_OBJC_LITERAL_CONVERSION = YES;
				CLANG_WARN_OBJC_ROOT_CLASS = YES_ERROR;
				CLANG_WARN_RANGE_LOOP_ANALYSIS = YES;
				CLANG_WARN_STRICT_PROTOTYPES = YES;
				CLANG_WARN_SUSPICIOUS_MOVE = YES;
				CLANG_WARN_UNGUARDED_AVAILABILITY = YES_AGGRESSIVE;
				CLANG_WARN_UNREACHABLE_CODE = YES;
				CLANG_WARN__DUPLICATE_METHOD_MATCH = YES;
				CODE_SIGN_IDENTITY = "iPhone Developer";
				COPY_PHASE_STRIP = NO;
				DEBUG_INFORMATION_FORMAT = "dwarf-with-dsym";
				ENABLE_NS_ASSERTIONS = NO;
				ENABLE_STRICT_OBJC_MSGSEND = YES;
				GCC_C_LANGUAGE_STANDARD = gnu11;
				GCC_NO_COMMON_BLOCKS = YES;
				GCC_WARN_64_TO_32_BIT_CONVERSION = YES;
				GCC_WARN_ABOUT_RETURN_TYPE = YES_ERROR;
				GCC_WARN_UNDECLARED_SELECTOR = YES;
				GCC_WARN_UNINITIALIZED_AUTOS = YES_AGGRESSIVE;
				GCC_WARN_UNUSED_FUNCTION = YES;
				GCC_WARN_UNUSED_VARIABLE = YES;
				IPHONEOS_DEPLOYMENT_TARGET = 11.4;
				MTL_ENABLE_DEBUG_INFO = NO;
				SDKROOT = iphoneos;
				SWIFT_COMPILATION_MODE = wholemodule;
				SWIFT_OPTIMIZATION_LEVEL = "-O";
				VALIDATE_PRODUCT = YES;
			};
			name = Release;
		};
		3E8AB4C020EDAEDE00915561 /* Debug */ = {
			isa = XCBuildConfiguration;
			baseConfigurationReference = AB643E9ED0FC3CD6539BD0EE /* Pods-PointExchange.debug.xcconfig */;
			buildSettings = {
				ASSETCATALOG_COMPILER_APPICON_NAME = AppIcon;
				CODE_SIGN_ENTITLEMENTS = PointExchange/PointExchange.entitlements;
				CODE_SIGN_STYLE = Automatic;
				DEVELOPMENT_TEAM = 695ANUHALN;
				HEADER_SEARCH_PATHS = /Pods;
				INFOPLIST_FILE = PointExchange/Info.plist;
				LD_RUNPATH_SEARCH_PATHS = (
					"$(inherited)",
					"@executable_path/Frameworks",
				);
				PRODUCT_BUNDLE_IDENTIFIER = WannaWin.PointExchange;
				PRODUCT_NAME = "$(TARGET_NAME)";
				SWIFT_VERSION = 4.0;
				TARGETED_DEVICE_FAMILY = "1,2";
			};
			name = Debug;
		};
		3E8AB4C120EDAEDE00915561 /* Release */ = {
			isa = XCBuildConfiguration;
			baseConfigurationReference = 7ABB2B870EE98E39B9EDF074 /* Pods-PointExchange.release.xcconfig */;
			buildSettings = {
				ASSETCATALOG_COMPILER_APPICON_NAME = AppIcon;
				CODE_SIGN_ENTITLEMENTS = PointExchange/PointExchange.entitlements;
				CODE_SIGN_STYLE = Automatic;
				DEVELOPMENT_TEAM = 695ANUHALN;
				HEADER_SEARCH_PATHS = /Pods;
				INFOPLIST_FILE = PointExchange/Info.plist;
				LD_RUNPATH_SEARCH_PATHS = (
					"$(inherited)",
					"@executable_path/Frameworks",
				);
				PRODUCT_BUNDLE_IDENTIFIER = WannaWin.PointExchange;
				PRODUCT_NAME = "$(TARGET_NAME)";
				SWIFT_VERSION = 4.0;
				TARGETED_DEVICE_FAMILY = "1,2";
			};
			name = Release;
		};
/* End XCBuildConfiguration section */

/* Begin XCConfigurationList section */
		3E8AB4A820EDAEDC00915561 /* Build configuration list for PBXProject "PointExchange" */ = {
			isa = XCConfigurationList;
			buildConfigurations = (
				3E8AB4BD20EDAEDE00915561 /* Debug */,
				3E8AB4BE20EDAEDE00915561 /* Release */,
			);
			defaultConfigurationIsVisible = 0;
			defaultConfigurationName = Release;
		};
		3E8AB4BF20EDAEDE00915561 /* Build configuration list for PBXNativeTarget "PointExchange" */ = {
			isa = XCConfigurationList;
			buildConfigurations = (
				3E8AB4C020EDAEDE00915561 /* Debug */,
				3E8AB4C120EDAEDE00915561 /* Release */,
			);
			defaultConfigurationIsVisible = 0;
			defaultConfigurationName = Release;
		};
/* End XCConfigurationList section */
	};
	rootObject = 3E8AB4A520EDAEDC00915561 /* Project object */;
}
