// !$*UTF8*$!
{
	archiveVersion = 1;
	classes = {
	};
	objectVersion = 50;
	objects = {

/* Begin PBXBuildFile section */
		14ECA9B05A9DED1BC9FCBD4E /* Pods_PointExchange.framework in Frameworks */ = {isa = PBXBuildFile; fileRef = 5A897BC2C945E2D586CADDA3 /* Pods_PointExchange.framework */; };
		3E23A75021140AA300D19749 /* ChoosePointInfo.swift in Sources */ = {isa = PBXBuildFile; fileRef = 3E23A74F21140AA300D19749 /* ChoosePointInfo.swift */; };
		3E23A754211E94A600D19749 /* DiscoverCouponView.xib in Resources */ = {isa = PBXBuildFile; fileRef = 3E23A752211E94A600D19749 /* DiscoverCouponView.xib */; };
		3E23A756211EC01600D19749 /* DiscoverCouponView.swift in Sources */ = {isa = PBXBuildFile; fileRef = 3E23A755211EC01600D19749 /* DiscoverCouponView.swift */; };
		3E3327882120019900426518 /* CouponHistoryViewController.swift in Sources */ = {isa = PBXBuildFile; fileRef = 3E3327872120019900426518 /* CouponHistoryViewController.swift */; };
		3E33278F2120041900426518 /* HistoryTableViewCell.swift in Sources */ = {isa = PBXBuildFile; fileRef = 3E33278D2120041900426518 /* HistoryTableViewCell.swift */; };
		3E3327902120041900426518 /* HistoryTableViewCell.xib in Resources */ = {isa = PBXBuildFile; fileRef = 3E33278E2120041900426518 /* HistoryTableViewCell.xib */; };
		3E3327922120507B00426518 /* CouponHistoryContainerViewContainer.swift in Sources */ = {isa = PBXBuildFile; fileRef = 3E3327912120507B00426518 /* CouponHistoryContainerViewContainer.swift */; };
		3E3327942120762D00426518 /* OfflineHistoryViewController.swift in Sources */ = {isa = PBXBuildFile; fileRef = 3E3327932120762D00426518 /* OfflineHistoryViewController.swift */; };
		3E33279821215A8B00426518 /* PointHistoryTableViewCell.xib in Resources */ = {isa = PBXBuildFile; fileRef = 3E33279721215A8B00426518 /* PointHistoryTableViewCell.xib */; };
		3E33279B2121723D00426518 /* PointHistoryDetailTableViewCell.swift in Sources */ = {isa = PBXBuildFile; fileRef = 3E3327992121723D00426518 /* PointHistoryDetailTableViewCell.swift */; };
		3E33279C2121723D00426518 /* PointHistoryDetailTableViewCell.xib in Resources */ = {isa = PBXBuildFile; fileRef = 3E33279A2121723D00426518 /* PointHistoryDetailTableViewCell.xib */; };
		3E4017F021005FA700591B77 /* LoginView.swift in Sources */ = {isa = PBXBuildFile; fileRef = 3E4017EF21005FA700591B77 /* LoginView.swift */; };
		3E46B75A20EFDFA000843193 /* Store.storyboard in Resources */ = {isa = PBXBuildFile; fileRef = 3E46B75920EFDFA000843193 /* Store.storyboard */; };
		3E46B75C20EFDFE400843193 /* Exchange.storyboard in Resources */ = {isa = PBXBuildFile; fileRef = 3E46B75B20EFDFE400843193 /* Exchange.storyboard */; };
		3E46B75E20EFE00400843193 /* Discover.storyboard in Resources */ = {isa = PBXBuildFile; fileRef = 3E46B75D20EFE00400843193 /* Discover.storyboard */; };
		3E46B76120EFE05500843193 /* HomePage.storyboard in Resources */ = {isa = PBXBuildFile; fileRef = 3E46B75F20EFE05500843193 /* HomePage.storyboard */; };
		3E46B76420EFE0B400843193 /* User.storyboard in Resources */ = {isa = PBXBuildFile; fileRef = 3E46B76220EFE0B400843193 /* User.storyboard */; };
		3E46B76920F06E0200843193 /* CardDetailViewController.swift in Sources */ = {isa = PBXBuildFile; fileRef = 3E46B76820F06E0200843193 /* CardDetailViewController.swift */; };
		3E46B76D20F09E7900843193 /* ExchangeViewController.swift in Sources */ = {isa = PBXBuildFile; fileRef = 3E46B76C20F09E7900843193 /* ExchangeViewController.swift */; };
		3E46B77320F0BD5C00843193 /* UIViewControllerExtension.swift in Sources */ = {isa = PBXBuildFile; fileRef = 3E46B77220F0BD5C00843193 /* UIViewControllerExtension.swift */; };
		3E4C155620EDFF87000743C0 /* DiscoverViewController.swift in Sources */ = {isa = PBXBuildFile; fileRef = 3E4C155520EDFF87000743C0 /* DiscoverViewController.swift */; };
		3E4C155820EE0087000743C0 /* QRScanViewController.swift in Sources */ = {isa = PBXBuildFile; fileRef = 3E4C155720EE0087000743C0 /* QRScanViewController.swift */; };
		3E4C155C20EE0117000743C0 /* SettingViewController.swift in Sources */ = {isa = PBXBuildFile; fileRef = 3E4C155B20EE0117000743C0 /* SettingViewController.swift */; };
		3E4C156020EE0185000743C0 /* LoginViewController.swift in Sources */ = {isa = PBXBuildFile; fileRef = 3E4C155F20EE0185000743C0 /* LoginViewController.swift */; };
		3E4C156220EE01AB000743C0 /* SignUpViewController.swift in Sources */ = {isa = PBXBuildFile; fileRef = 3E4C156120EE01AB000743C0 /* SignUpViewController.swift */; };
		3E519ADD2135238900D4D5D9 /* HomepageCardInfoView.xib in Resources */ = {isa = PBXBuildFile; fileRef = 3E519ADC2135238900D4D5D9 /* HomepageCardInfoView.xib */; };
		3E519ADF213523DD00D4D5D9 /* HomepageCardInfoView.swift in Sources */ = {isa = PBXBuildFile; fileRef = 3E519ADE213523DD00D4D5D9 /* HomepageCardInfoView.swift */; };
		3E5FD378211ECCA600ECE558 /* DsMerchantTableViewCell.swift in Sources */ = {isa = PBXBuildFile; fileRef = 3E5FD376211ECCA600ECE558 /* DsMerchantTableViewCell.swift */; };
		3E5FD379211ECCA600ECE558 /* DsMerchantTableViewCell.xib in Resources */ = {isa = PBXBuildFile; fileRef = 3E5FD377211ECCA600ECE558 /* DsMerchantTableViewCell.xib */; };
		3E8AB4B120EDAEDC00915561 /* AppDelegate.swift in Sources */ = {isa = PBXBuildFile; fileRef = 3E8AB4B020EDAEDC00915561 /* AppDelegate.swift */; };
		3E8AB4B820EDAEDE00915561 /* Assets.xcassets in Resources */ = {isa = PBXBuildFile; fileRef = 3E8AB4B720EDAEDE00915561 /* Assets.xcassets */; };
		3E8AB4BB20EDAEDE00915561 /* LaunchScreen.storyboard in Resources */ = {isa = PBXBuildFile; fileRef = 3E8AB4B920EDAEDE00915561 /* LaunchScreen.storyboard */; };
		3E8AB4C520EDAFB300915561 /* Main.storyboard in Resources */ = {isa = PBXBuildFile; fileRef = 3E8AB4C320EDAFB300915561 /* Main.storyboard */; };
		3EA0334B20EDCE3E00D05A03 /* UIColorExtension.swift in Sources */ = {isa = PBXBuildFile; fileRef = 3EA0334A20EDCE3E00D05A03 /* UIColorExtension.swift */; };
		3EA3CD012100ED8B00B0392E /* ExchangeItemCellView.swift in Sources */ = {isa = PBXBuildFile; fileRef = 3EA3CD002100ED8B00B0392E /* ExchangeItemCellView.swift */; };
		3EA3CD052102472000B0392E /* ExchangeItemCellView.xib in Resources */ = {isa = PBXBuildFile; fileRef = 3EA3CD042102472000B0392E /* ExchangeItemCellView.xib */; };
		3EA3CD0721033D6A00B0392E /* HuaQiStoreWebViewController.swift in Sources */ = {isa = PBXBuildFile; fileRef = 3EA3CD0621033D6A00B0392E /* HuaQiStoreWebViewController.swift */; };
		3EBA7A9420F8D4E600D31D47 /* FinishExchangeViewController.swift in Sources */ = {isa = PBXBuildFile; fileRef = 3EBA7A9320F8D4E600D31D47 /* FinishExchangeViewController.swift */; };
		3EBB5D1320EE27E200B559BA /* ImageScrollerViewController.swift in Sources */ = {isa = PBXBuildFile; fileRef = 3EBB5D1120EE1D0000B559BA /* ImageScrollerViewController.swift */; };
		3EBB5D1420EE27E200B559BA /* MainViewController.swift in Sources */ = {isa = PBXBuildFile; fileRef = 3E4C155320EDFF5A000743C0 /* MainViewController.swift */; };
		3EBB5D1620EE668700B559BA /* CardInfoTableViewController.swift in Sources */ = {isa = PBXBuildFile; fileRef = 3EBB5D1520EE668700B559BA /* CardInfoTableViewController.swift */; };
		3EBB5D1820EE7C6200B559BA /* AddCardTableViewController.swift in Sources */ = {isa = PBXBuildFile; fileRef = 3EBB5D1720EE7C6200B559BA /* AddCardTableViewController.swift */; };
		3EBF049220F99854004D6D8E /* ExchangeHistoryViewController.swift in Sources */ = {isa = PBXBuildFile; fileRef = 3EBF049120F99854004D6D8E /* ExchangeHistoryViewController.swift */; };
		3EBF049820FDAD13004D6D8E /* MaskView.swift in Sources */ = {isa = PBXBuildFile; fileRef = 3EBF049720FDAD13004D6D8E /* MaskView.swift */; };
		3ED5F6D02122888400F46E7C /* OfflineCardView.xib in Resources */ = {isa = PBXBuildFile; fileRef = 3ED5F6CF2122888400F46E7C /* OfflineCardView.xib */; };
		3ED5F6D22122892900F46E7C /* OfflineCardView.swift in Sources */ = {isa = PBXBuildFile; fileRef = 3ED5F6D12122892900F46E7C /* OfflineCardView.swift */; };
		3ED5F6D52122985C00F46E7C /* MerchantCouponTableViewCell.swift in Sources */ = {isa = PBXBuildFile; fileRef = 3ED5F6D32122985C00F46E7C /* MerchantCouponTableViewCell.swift */; };
		3ED5F6D62122985C00F46E7C /* MerchantCouponTableViewCell.xib in Resources */ = {isa = PBXBuildFile; fileRef = 3ED5F6D42122985C00F46E7C /* MerchantCouponTableViewCell.xib */; };
		3ED5F6D82122AFC200F46E7C /* OfflineActivity.swift in Sources */ = {isa = PBXBuildFile; fileRef = 3ED5F6D72122AFC200F46E7C /* OfflineActivity.swift */; };
		3ED5F6DA21240C6300F46E7C /* CouponDetailViewController.swift in Sources */ = {isa = PBXBuildFile; fileRef = 3ED5F6D921240C6300F46E7C /* CouponDetailViewController.swift */; };
		3ED5F6DC2124242800F46E7C /* HistoryCouponDetailViewController.swift in Sources */ = {isa = PBXBuildFile; fileRef = 3ED5F6DB2124242800F46E7C /* HistoryCouponDetailViewController.swift */; };
		3ED5F6DE2126975200F46E7C /* HistoryOfflineDetailViewController.swift in Sources */ = {isa = PBXBuildFile; fileRef = 3ED5F6DD2126975200F46E7C /* HistoryOfflineDetailViewController.swift */; };
		3ED5F6E02126B1A900F46E7C /* ActivityDetailViewController.swift in Sources */ = {isa = PBXBuildFile; fileRef = 3ED5F6DF2126B1A900F46E7C /* ActivityDetailViewController.swift */; };
		3ED5F6E2212A895D00F46E7C /* SignUpView.swift in Sources */ = {isa = PBXBuildFile; fileRef = 3ED5F6E1212A895D00F46E7C /* SignUpView.swift */; };
		3ED5F6E4212D444500F46E7C /* TendencySurveyViewController.swift in Sources */ = {isa = PBXBuildFile; fileRef = 3ED5F6E3212D444500F46E7C /* TendencySurveyViewController.swift */; };
		3EE77DAC212E919300ADDD82 /* SearchResultViewController.swift in Sources */ = {isa = PBXBuildFile; fileRef = 3EE77DAB212E919300ADDD82 /* SearchResultViewController.swift */; };
		3EE77DB0212EAA9700ADDD82 /* SearchResultCouponViewController.swift in Sources */ = {isa = PBXBuildFile; fileRef = 3EE77DAF212EAA9700ADDD82 /* SearchResultCouponViewController.swift */; };
		3EE77DB2212EAAB000ADDD82 /* SearchResultMerchantViewController.swift in Sources */ = {isa = PBXBuildFile; fileRef = 3EE77DB1212EAAB000ADDD82 /* SearchResultMerchantViewController.swift */; };
		3EE77DB4212EABC500ADDD82 /* SearchResultOfflineViewController.swift in Sources */ = {isa = PBXBuildFile; fileRef = 3EE77DB3212EABC500ADDD82 /* SearchResultOfflineViewController.swift */; };
		3EE77DB72133B9AC00ADDD82 /* SearchTableViewCell.swift in Sources */ = {isa = PBXBuildFile; fileRef = 3EE77DB52133B9AC00ADDD82 /* SearchTableViewCell.swift */; };
		3EE77DB82133B9AC00ADDD82 /* SearchTableViewCell.xib in Resources */ = {isa = PBXBuildFile; fileRef = 3EE77DB62133B9AC00ADDD82 /* SearchTableViewCell.xib */; };
		3EECCEC7211FED5100A73B9F /* OrdersViewController.swift in Sources */ = {isa = PBXBuildFile; fileRef = 3EECCEC6211FED5100A73B9F /* OrdersViewController.swift */; };
		3EFEFA02210AF72900BC760E /* MerchantDetailViewController.swift in Sources */ = {isa = PBXBuildFile; fileRef = 3EFEFA01210AF72900BC760E /* MerchantDetailViewController.swift */; };
		3EFEFA0B210AFD7100BC760E /* DiscountTableViewCell.swift in Sources */ = {isa = PBXBuildFile; fileRef = 3EFEFA09210AFD7100BC760E /* DiscountTableViewCell.swift */; };
		3EFEFA0C210AFD7100BC760E /* DiscountTableViewCell.xib in Resources */ = {isa = PBXBuildFile; fileRef = 3EFEFA0A210AFD7100BC760E /* DiscountTableViewCell.xib */; };
		3EFEFA0E210B004600BC760E /* Item.swift in Sources */ = {isa = PBXBuildFile; fileRef = 3EFEFA0D210B004600BC760E /* Item.swift */; };
		844CF6E1211EC05600B232DF /* GradientView.swift in Sources */ = {isa = PBXBuildFile; fileRef = 844CF6DF211EC05600B232DF /* GradientView.swift */; };
		844CF6E2211EC05600B232DF /* LICENSE.txt in Resources */ = {isa = PBXBuildFile; fileRef = 844CF6E0211EC05600B232DF /* LICENSE.txt */; };
		847D60BE2112D59300612174 /* FinishExchangeToGeneralViewController.swift in Sources */ = {isa = PBXBuildFile; fileRef = 847D60BD2112D59300612174 /* FinishExchangeToGeneralViewController.swift */; };
		84A968732121C5A000EF5BA8 /* ExchangedPointsCell.swift in Sources */ = {isa = PBXBuildFile; fileRef = 84A968722121C5A000EF5BA8 /* ExchangedPointsCell.swift */; };
		84A968762129551F00EF5BA8 /* SignUpView.xib in Resources */ = {isa = PBXBuildFile; fileRef = 84A968752129551F00EF5BA8 /* SignUpView.xib */; };
		84A96879212ACBB100EF5BA8 /* ModifyPasswordViewController.swift in Sources */ = {isa = PBXBuildFile; fileRef = 84A96878212ACBB000EF5BA8 /* ModifyPasswordViewController.swift */; };
		84A9687B212ACCDC00EF5BA8 /* ModifyPasswordView.xib in Resources */ = {isa = PBXBuildFile; fileRef = 84A9687A212ACCDC00EF5BA8 /* ModifyPasswordView.xib */; };
		84A9687D212AD24700EF5BA8 /* ModifyPasswordView.swift in Sources */ = {isa = PBXBuildFile; fileRef = 84A9687C212AD24700EF5BA8 /* ModifyPasswordView.swift */; };
		84A9687F212ADA1500EF5BA8 /* UserSetting.storyboard in Resources */ = {isa = PBXBuildFile; fileRef = 84A9687E212ADA1500EF5BA8 /* UserSetting.storyboard */; };
		84A96884212AE25500EF5BA8 /* GeneralSetting.storyboard in Resources */ = {isa = PBXBuildFile; fileRef = 84A96883212AE25500EF5BA8 /* GeneralSetting.storyboard */; };
		84A96889212BC8F400EF5BA8 /* PageViewController.swift in Sources */ = {isa = PBXBuildFile; fileRef = 84A96888212BC8F400EF5BA8 /* PageViewController.swift */; };
		84A9688B212BCD9D00EF5BA8 /* ExchangeResultTableViewController.swift in Sources */ = {isa = PBXBuildFile; fileRef = 84A9688A212BCD9D00EF5BA8 /* ExchangeResultTableViewController.swift */; };
		B61D90AF20F43A9400A66662 /* Component.swift in Sources */ = {isa = PBXBuildFile; fileRef = B61D90AE20F43A9400A66662 /* Component.swift */; };
		B66CFB1E20F88A18007165DF /* YDMenu.swift in Sources */ = {isa = PBXBuildFile; fileRef = B66CFB1D20F88A18007165DF /* YDMenu.swift */; };
		B66CFB2020F88A1C007165DF /* YDMenuDataSource.swift in Sources */ = {isa = PBXBuildFile; fileRef = B66CFB1F20F88A1C007165DF /* YDMenuDataSource.swift */; };
		B66CFB2220F88AA3007165DF /* YDMenuDelegate.swift in Sources */ = {isa = PBXBuildFile; fileRef = B66CFB2120F88AA3007165DF /* YDMenuDelegate.swift */; };
		B66CFB2420F88B60007165DF /* MenuData.plist in Resources */ = {isa = PBXBuildFile; fileRef = B66CFB2320F88B60007165DF /* MenuData.plist */; };
		B66CFB2920F8AE2C007165DF /* Order.swift in Sources */ = {isa = PBXBuildFile; fileRef = B66CFB2820F8AE2C007165DF /* Order.swift */; };
		B66CFB3520F9CD65007165DF /* PointHistoryViewController.swift in Sources */ = {isa = PBXBuildFile; fileRef = B66CFB3420F9CD65007165DF /* PointHistoryViewController.swift */; };
		B66CFB3720F9D6B2007165DF /* PointHistoryTableViewCell.swift in Sources */ = {isa = PBXBuildFile; fileRef = B66CFB3620F9D6B2007165DF /* PointHistoryTableViewCell.swift */; };
		B66CFB3D20FC6004007165DF /* ResetPasswordTableViewController.swift in Sources */ = {isa = PBXBuildFile; fileRef = B66CFB3C20FC6004007165DF /* ResetPasswordTableViewController.swift */; };
		B66CFB3F20FC62CC007165DF /* ResetPasswordFinishTableViewController.swift in Sources */ = {isa = PBXBuildFile; fileRef = B66CFB3E20FC62CC007165DF /* ResetPasswordFinishTableViewController.swift */; };
		B66CFB4120FE2D45007165DF /* PointsHistory.swift in Sources */ = {isa = PBXBuildFile; fileRef = B66CFB4020FE2D45007165DF /* PointsHistory.swift */; };
		B696E7EB20F4C8A500ABF0D2 /* MerchantChooseTableViewController.swift in Sources */ = {isa = PBXBuildFile; fileRef = B696E7EA20F4C8A500ABF0D2 /* MerchantChooseTableViewController.swift */; };
		B696E7ED20F5A87900ABF0D2 /* StringExtension.swift in Sources */ = {isa = PBXBuildFile; fileRef = B696E7EC20F5A87900ABF0D2 /* StringExtension.swift */; };
		B6A6EC4520F05F360079FFA4 /* UIViewExtension.swift in Sources */ = {isa = PBXBuildFile; fileRef = B6A6EC4420F05F360079FFA4 /* UIViewExtension.swift */; };
		B6A6EC4720F0A8220079FFA4 /* FeedbackViewController.swift in Sources */ = {isa = PBXBuildFile; fileRef = B6A6EC4620F0A8220079FFA4 /* FeedbackViewController.swift */; };
		B6A6EC4920F0A8380079FFA4 /* AboutViewController.swift in Sources */ = {isa = PBXBuildFile; fileRef = B6A6EC4820F0A8380079FFA4 /* AboutViewController.swift */; };
		B6A6EC4B20F0AE160079FFA4 /* UserViewController.swift in Sources */ = {isa = PBXBuildFile; fileRef = B6A6EC4A20F0AE160079FFA4 /* UserViewController.swift */; };
		B6A6EC4D20F0AE490079FFA4 /* UserSettingViewController.swift in Sources */ = {isa = PBXBuildFile; fileRef = B6A6EC4C20F0AE490079FFA4 /* UserSettingViewController.swift */; };
		B6A6EC5120F0C9260079FFA4 /* KeychainHandler.swift in Sources */ = {isa = PBXBuildFile; fileRef = B6A6EC5020F0C9260079FFA4 /* KeychainHandler.swift */; };
		B6A6EC5620F112200079FFA4 /* AddBankCardViewController.swift in Sources */ = {isa = PBXBuildFile; fileRef = B6A6EC5520F112200079FFA4 /* AddBankCardViewController.swift */; };
		B6A6EC5820F1C34F0079FFA4 /* OrderDetailTableViewController.swift in Sources */ = {isa = PBXBuildFile; fileRef = B6A6EC5720F1C34F0079FFA4 /* OrderDetailTableViewController.swift */; };
		B6A6EC5A20F1E6270079FFA4 /* ScanCodeManager.swift in Sources */ = {isa = PBXBuildFile; fileRef = B6A6EC5920F1E6270079FFA4 /* ScanCodeManager.swift */; };
		B6A6EC5C20F201730079FFA4 /* ServerConnector.swift in Sources */ = {isa = PBXBuildFile; fileRef = B6A6EC5B20F201730079FFA4 /* ServerConnector.swift */; };
		B6A6EC5E20F2024B0079FFA4 /* ServerService.swift in Sources */ = {isa = PBXBuildFile; fileRef = B6A6EC5D20F2024B0079FFA4 /* ServerService.swift */; };
		B6A6EC6020F25B810079FFA4 /* Merchant.swift in Sources */ = {isa = PBXBuildFile; fileRef = B6A6EC5F20F25B810079FFA4 /* Merchant.swift */; };
		B6B866562101768700CE0339 /* HomepagePartViewController.swift in Sources */ = {isa = PBXBuildFile; fileRef = B6B866552101768700CE0339 /* HomepagePartViewController.swift */; };
		B6C480662100C143002ED9C9 /* LoginView.xib in Resources */ = {isa = PBXBuildFile; fileRef = B6C480652100C143002ED9C9 /* LoginView.xib */; };
		B6C480682100F189002ED9C9 /* HomepageStackView.xib in Resources */ = {isa = PBXBuildFile; fileRef = B6C480672100F189002ED9C9 /* HomepageStackView.xib */; };
		B6C4806A2100F1A3002ED9C9 /* HomepageStackView.swift in Sources */ = {isa = PBXBuildFile; fileRef = B6C480692100F1A3002ED9C9 /* HomepageStackView.swift */; };
		C1ED982120EE1C7900A2F0C5 /* User.swift in Sources */ = {isa = PBXBuildFile; fileRef = C1ED982020EE1C7900A2F0C5 /* User.swift */; };
		C1ED982320EE1E3900A2F0C5 /* Card.swift in Sources */ = {isa = PBXBuildFile; fileRef = C1ED982220EE1E3900A2F0C5 /* Card.swift */; };
/* End PBXBuildFile section */

/* Begin PBXFileReference section */
		3E23A74F21140AA300D19749 /* ChoosePointInfo.swift */ = {isa = PBXFileReference; lastKnownFileType = sourcecode.swift; path = ChoosePointInfo.swift; sourceTree = "<group>"; };
		3E23A752211E94A600D19749 /* DiscoverCouponView.xib */ = {isa = PBXFileReference; lastKnownFileType = file.xib; path = DiscoverCouponView.xib; sourceTree = "<group>"; };
		3E23A755211EC01600D19749 /* DiscoverCouponView.swift */ = {isa = PBXFileReference; lastKnownFileType = sourcecode.swift; path = DiscoverCouponView.swift; sourceTree = "<group>"; };
		3E3327872120019900426518 /* CouponHistoryViewController.swift */ = {isa = PBXFileReference; lastKnownFileType = sourcecode.swift; path = CouponHistoryViewController.swift; sourceTree = "<group>"; };
		3E33278D2120041900426518 /* HistoryTableViewCell.swift */ = {isa = PBXFileReference; lastKnownFileType = sourcecode.swift; path = HistoryTableViewCell.swift; sourceTree = "<group>"; };
		3E33278E2120041900426518 /* HistoryTableViewCell.xib */ = {isa = PBXFileReference; lastKnownFileType = file.xib; path = HistoryTableViewCell.xib; sourceTree = "<group>"; };
		3E3327912120507B00426518 /* CouponHistoryContainerViewContainer.swift */ = {isa = PBXFileReference; fileEncoding = 4; lastKnownFileType = sourcecode.swift; path = CouponHistoryContainerViewContainer.swift; sourceTree = "<group>"; };
		3E3327932120762D00426518 /* OfflineHistoryViewController.swift */ = {isa = PBXFileReference; lastKnownFileType = sourcecode.swift; path = OfflineHistoryViewController.swift; sourceTree = "<group>"; };
		3E33279721215A8B00426518 /* PointHistoryTableViewCell.xib */ = {isa = PBXFileReference; lastKnownFileType = file.xib; path = PointHistoryTableViewCell.xib; sourceTree = "<group>"; };
		3E3327992121723D00426518 /* PointHistoryDetailTableViewCell.swift */ = {isa = PBXFileReference; lastKnownFileType = sourcecode.swift; path = PointHistoryDetailTableViewCell.swift; sourceTree = "<group>"; };
		3E33279A2121723D00426518 /* PointHistoryDetailTableViewCell.xib */ = {isa = PBXFileReference; lastKnownFileType = file.xib; path = PointHistoryDetailTableViewCell.xib; sourceTree = "<group>"; };
		3E4017EF21005FA700591B77 /* LoginView.swift */ = {isa = PBXFileReference; lastKnownFileType = sourcecode.swift; path = LoginView.swift; sourceTree = "<group>"; };
		3E46B75920EFDFA000843193 /* Store.storyboard */ = {isa = PBXFileReference; fileEncoding = 4; lastKnownFileType = file.storyboard; path = Store.storyboard; sourceTree = "<group>"; };
		3E46B75B20EFDFE400843193 /* Exchange.storyboard */ = {isa = PBXFileReference; fileEncoding = 4; lastKnownFileType = file.storyboard; path = Exchange.storyboard; sourceTree = "<group>"; };
		3E46B75D20EFE00400843193 /* Discover.storyboard */ = {isa = PBXFileReference; fileEncoding = 4; lastKnownFileType = file.storyboard; path = Discover.storyboard; sourceTree = "<group>"; };
		3E46B76020EFE05500843193 /* Base */ = {isa = PBXFileReference; lastKnownFileType = file.storyboard; name = Base; path = Base.lproj/HomePage.storyboard; sourceTree = "<group>"; };
		3E46B76320EFE0B400843193 /* Base */ = {isa = PBXFileReference; lastKnownFileType = file.storyboard; name = Base; path = Base.lproj/User.storyboard; sourceTree = "<group>"; };
		3E46B76820F06E0200843193 /* CardDetailViewController.swift */ = {isa = PBXFileReference; lastKnownFileType = sourcecode.swift; path = CardDetailViewController.swift; sourceTree = "<group>"; };
		3E46B76C20F09E7900843193 /* ExchangeViewController.swift */ = {isa = PBXFileReference; fileEncoding = 4; lastKnownFileType = sourcecode.swift; path = ExchangeViewController.swift; sourceTree = "<group>"; };
		3E46B77220F0BD5C00843193 /* UIViewControllerExtension.swift */ = {isa = PBXFileReference; lastKnownFileType = sourcecode.swift; path = UIViewControllerExtension.swift; sourceTree = "<group>"; };
		3E4C155320EDFF5A000743C0 /* MainViewController.swift */ = {isa = PBXFileReference; lastKnownFileType = sourcecode.swift; path = MainViewController.swift; sourceTree = "<group>"; };
		3E4C155520EDFF87000743C0 /* DiscoverViewController.swift */ = {isa = PBXFileReference; lastKnownFileType = sourcecode.swift; path = DiscoverViewController.swift; sourceTree = "<group>"; };
		3E4C155720EE0087000743C0 /* QRScanViewController.swift */ = {isa = PBXFileReference; lastKnownFileType = sourcecode.swift; path = QRScanViewController.swift; sourceTree = "<group>"; };
		3E4C155B20EE0117000743C0 /* SettingViewController.swift */ = {isa = PBXFileReference; lastKnownFileType = sourcecode.swift; path = SettingViewController.swift; sourceTree = "<group>"; };
		3E4C155F20EE0185000743C0 /* LoginViewController.swift */ = {isa = PBXFileReference; lastKnownFileType = sourcecode.swift; path = LoginViewController.swift; sourceTree = "<group>"; };
		3E4C156120EE01AB000743C0 /* SignUpViewController.swift */ = {isa = PBXFileReference; lastKnownFileType = sourcecode.swift; path = SignUpViewController.swift; sourceTree = "<group>"; };
		3E519ADC2135238900D4D5D9 /* HomepageCardInfoView.xib */ = {isa = PBXFileReference; lastKnownFileType = file.xib; path = HomepageCardInfoView.xib; sourceTree = "<group>"; };
		3E519ADE213523DD00D4D5D9 /* HomepageCardInfoView.swift */ = {isa = PBXFileReference; lastKnownFileType = sourcecode.swift; path = HomepageCardInfoView.swift; sourceTree = "<group>"; };
		3E5FD376211ECCA600ECE558 /* DsMerchantTableViewCell.swift */ = {isa = PBXFileReference; lastKnownFileType = sourcecode.swift; path = DsMerchantTableViewCell.swift; sourceTree = "<group>"; };
		3E5FD377211ECCA600ECE558 /* DsMerchantTableViewCell.xib */ = {isa = PBXFileReference; lastKnownFileType = file.xib; path = DsMerchantTableViewCell.xib; sourceTree = "<group>"; };
		3E8AB4AD20EDAEDC00915561 /* PointExchange.app */ = {isa = PBXFileReference; explicitFileType = wrapper.application; includeInIndex = 0; path = PointExchange.app; sourceTree = BUILT_PRODUCTS_DIR; };
		3E8AB4B020EDAEDC00915561 /* AppDelegate.swift */ = {isa = PBXFileReference; lastKnownFileType = sourcecode.swift; path = AppDelegate.swift; sourceTree = "<group>"; };
		3E8AB4B720EDAEDE00915561 /* Assets.xcassets */ = {isa = PBXFileReference; lastKnownFileType = folder.assetcatalog; path = Assets.xcassets; sourceTree = "<group>"; };
		3E8AB4BA20EDAEDE00915561 /* Base */ = {isa = PBXFileReference; lastKnownFileType = file.storyboard; name = Base; path = Base.lproj/LaunchScreen.storyboard; sourceTree = "<group>"; };
		3E8AB4BC20EDAEDE00915561 /* Info.plist */ = {isa = PBXFileReference; lastKnownFileType = text.plist.xml; path = Info.plist; sourceTree = "<group>"; };
		3E8AB4C420EDAFB300915561 /* Base */ = {isa = PBXFileReference; lastKnownFileType = file.storyboard; name = Base; path = Base.lproj/Main.storyboard; sourceTree = "<group>"; };
		3EA0334A20EDCE3E00D05A03 /* UIColorExtension.swift */ = {isa = PBXFileReference; lastKnownFileType = sourcecode.swift; path = UIColorExtension.swift; sourceTree = "<group>"; };
		3EA3CD002100ED8B00B0392E /* ExchangeItemCellView.swift */ = {isa = PBXFileReference; lastKnownFileType = sourcecode.swift; path = ExchangeItemCellView.swift; sourceTree = "<group>"; };
		3EA3CD042102472000B0392E /* ExchangeItemCellView.xib */ = {isa = PBXFileReference; lastKnownFileType = file.xib; path = ExchangeItemCellView.xib; sourceTree = "<group>"; };
		3EA3CD0621033D6A00B0392E /* HuaQiStoreWebViewController.swift */ = {isa = PBXFileReference; lastKnownFileType = sourcecode.swift; path = HuaQiStoreWebViewController.swift; sourceTree = "<group>"; };
		3EBA7A9320F8D4E600D31D47 /* FinishExchangeViewController.swift */ = {isa = PBXFileReference; fileEncoding = 4; lastKnownFileType = sourcecode.swift; path = FinishExchangeViewController.swift; sourceTree = "<group>"; };
		3EBB5D1120EE1D0000B559BA /* ImageScrollerViewController.swift */ = {isa = PBXFileReference; fileEncoding = 4; lastKnownFileType = sourcecode.swift; path = ImageScrollerViewController.swift; sourceTree = "<group>"; };
		3EBB5D1520EE668700B559BA /* CardInfoTableViewController.swift */ = {isa = PBXFileReference; lastKnownFileType = sourcecode.swift; path = CardInfoTableViewController.swift; sourceTree = "<group>"; };
		3EBB5D1720EE7C6200B559BA /* AddCardTableViewController.swift */ = {isa = PBXFileReference; lastKnownFileType = sourcecode.swift; path = AddCardTableViewController.swift; sourceTree = "<group>"; };
		3EBF049120F99854004D6D8E /* ExchangeHistoryViewController.swift */ = {isa = PBXFileReference; lastKnownFileType = sourcecode.swift; path = ExchangeHistoryViewController.swift; sourceTree = "<group>"; };
		3EBF049720FDAD13004D6D8E /* MaskView.swift */ = {isa = PBXFileReference; lastKnownFileType = sourcecode.swift; path = MaskView.swift; sourceTree = "<group>"; };
		3ED5F6CF2122888400F46E7C /* OfflineCardView.xib */ = {isa = PBXFileReference; lastKnownFileType = file.xib; path = OfflineCardView.xib; sourceTree = "<group>"; };
		3ED5F6D12122892900F46E7C /* OfflineCardView.swift */ = {isa = PBXFileReference; lastKnownFileType = sourcecode.swift; path = OfflineCardView.swift; sourceTree = "<group>"; };
		3ED5F6D32122985C00F46E7C /* MerchantCouponTableViewCell.swift */ = {isa = PBXFileReference; lastKnownFileType = sourcecode.swift; path = MerchantCouponTableViewCell.swift; sourceTree = "<group>"; };
		3ED5F6D42122985C00F46E7C /* MerchantCouponTableViewCell.xib */ = {isa = PBXFileReference; lastKnownFileType = file.xib; path = MerchantCouponTableViewCell.xib; sourceTree = "<group>"; };
		3ED5F6D72122AFC200F46E7C /* OfflineActivity.swift */ = {isa = PBXFileReference; lastKnownFileType = sourcecode.swift; path = OfflineActivity.swift; sourceTree = "<group>"; };
		3ED5F6D921240C6300F46E7C /* CouponDetailViewController.swift */ = {isa = PBXFileReference; lastKnownFileType = sourcecode.swift; path = CouponDetailViewController.swift; sourceTree = "<group>"; };
		3ED5F6DB2124242800F46E7C /* HistoryCouponDetailViewController.swift */ = {isa = PBXFileReference; lastKnownFileType = sourcecode.swift; path = HistoryCouponDetailViewController.swift; sourceTree = "<group>"; };
		3ED5F6DD2126975200F46E7C /* HistoryOfflineDetailViewController.swift */ = {isa = PBXFileReference; lastKnownFileType = sourcecode.swift; path = HistoryOfflineDetailViewController.swift; sourceTree = "<group>"; };
		3ED5F6DF2126B1A900F46E7C /* ActivityDetailViewController.swift */ = {isa = PBXFileReference; lastKnownFileType = sourcecode.swift; path = ActivityDetailViewController.swift; sourceTree = "<group>"; };
		3ED5F6E1212A895D00F46E7C /* SignUpView.swift */ = {isa = PBXFileReference; lastKnownFileType = sourcecode.swift; path = SignUpView.swift; sourceTree = "<group>"; };
		3ED5F6E3212D444500F46E7C /* TendencySurveyViewController.swift */ = {isa = PBXFileReference; lastKnownFileType = sourcecode.swift; path = TendencySurveyViewController.swift; sourceTree = "<group>"; };
		3EE77DAB212E919300ADDD82 /* SearchResultViewController.swift */ = {isa = PBXFileReference; lastKnownFileType = sourcecode.swift; path = SearchResultViewController.swift; sourceTree = "<group>"; };
		3EE77DAF212EAA9700ADDD82 /* SearchResultCouponViewController.swift */ = {isa = PBXFileReference; lastKnownFileType = sourcecode.swift; path = SearchResultCouponViewController.swift; sourceTree = "<group>"; };
		3EE77DB1212EAAB000ADDD82 /* SearchResultMerchantViewController.swift */ = {isa = PBXFileReference; lastKnownFileType = sourcecode.swift; path = SearchResultMerchantViewController.swift; sourceTree = "<group>"; };
		3EE77DB3212EABC500ADDD82 /* SearchResultOfflineViewController.swift */ = {isa = PBXFileReference; lastKnownFileType = sourcecode.swift; path = SearchResultOfflineViewController.swift; sourceTree = "<group>"; };
		3EE77DB52133B9AC00ADDD82 /* SearchTableViewCell.swift */ = {isa = PBXFileReference; lastKnownFileType = sourcecode.swift; path = SearchTableViewCell.swift; sourceTree = "<group>"; };
		3EE77DB62133B9AC00ADDD82 /* SearchTableViewCell.xib */ = {isa = PBXFileReference; lastKnownFileType = file.xib; path = SearchTableViewCell.xib; sourceTree = "<group>"; };
		3EECCEC6211FED5100A73B9F /* OrdersViewController.swift */ = {isa = PBXFileReference; lastKnownFileType = sourcecode.swift; path = OrdersViewController.swift; sourceTree = "<group>"; };
		3EFEFA01210AF72900BC760E /* MerchantDetailViewController.swift */ = {isa = PBXFileReference; lastKnownFileType = sourcecode.swift; path = MerchantDetailViewController.swift; sourceTree = "<group>"; };
		3EFEFA09210AFD7100BC760E /* DiscountTableViewCell.swift */ = {isa = PBXFileReference; lastKnownFileType = sourcecode.swift; path = DiscountTableViewCell.swift; sourceTree = "<group>"; };
		3EFEFA0A210AFD7100BC760E /* DiscountTableViewCell.xib */ = {isa = PBXFileReference; lastKnownFileType = file.xib; path = DiscountTableViewCell.xib; sourceTree = "<group>"; };
		3EFEFA0D210B004600BC760E /* Item.swift */ = {isa = PBXFileReference; lastKnownFileType = sourcecode.swift; path = Item.swift; sourceTree = "<group>"; };
		5A897BC2C945E2D586CADDA3 /* Pods_PointExchange.framework */ = {isa = PBXFileReference; explicitFileType = wrapper.framework; includeInIndex = 0; path = Pods_PointExchange.framework; sourceTree = BUILT_PRODUCTS_DIR; };
		7ABB2B870EE98E39B9EDF074 /* Pods-PointExchange.release.xcconfig */ = {isa = PBXFileReference; includeInIndex = 1; lastKnownFileType = text.xcconfig; name = "Pods-PointExchange.release.xcconfig"; path = "Pods/Target Support Files/Pods-PointExchange/Pods-PointExchange.release.xcconfig"; sourceTree = "<group>"; };
		844CF6DF211EC05600B232DF /* GradientView.swift */ = {isa = PBXFileReference; fileEncoding = 4; lastKnownFileType = sourcecode.swift; path = GradientView.swift; sourceTree = "<group>"; };
		844CF6E0211EC05600B232DF /* LICENSE.txt */ = {isa = PBXFileReference; fileEncoding = 4; lastKnownFileType = text; path = LICENSE.txt; sourceTree = "<group>"; };
		847D60BD2112D59300612174 /* FinishExchangeToGeneralViewController.swift */ = {isa = PBXFileReference; lastKnownFileType = sourcecode.swift; path = FinishExchangeToGeneralViewController.swift; sourceTree = "<group>"; };
		84A968722121C5A000EF5BA8 /* ExchangedPointsCell.swift */ = {isa = PBXFileReference; lastKnownFileType = sourcecode.swift; path = ExchangedPointsCell.swift; sourceTree = "<group>"; };
		84A968752129551F00EF5BA8 /* SignUpView.xib */ = {isa = PBXFileReference; lastKnownFileType = file.xib; path = SignUpView.xib; sourceTree = "<group>"; };
		84A96878212ACBB000EF5BA8 /* ModifyPasswordViewController.swift */ = {isa = PBXFileReference; lastKnownFileType = sourcecode.swift; path = ModifyPasswordViewController.swift; sourceTree = "<group>"; };
		84A9687A212ACCDC00EF5BA8 /* ModifyPasswordView.xib */ = {isa = PBXFileReference; lastKnownFileType = file.xib; path = ModifyPasswordView.xib; sourceTree = "<group>"; };
		84A9687C212AD24700EF5BA8 /* ModifyPasswordView.swift */ = {isa = PBXFileReference; lastKnownFileType = sourcecode.swift; path = ModifyPasswordView.swift; sourceTree = "<group>"; };
		84A9687E212ADA1500EF5BA8 /* UserSetting.storyboard */ = {isa = PBXFileReference; lastKnownFileType = file.storyboard; path = UserSetting.storyboard; sourceTree = "<group>"; };
		84A96883212AE25500EF5BA8 /* GeneralSetting.storyboard */ = {isa = PBXFileReference; fileEncoding = 4; lastKnownFileType = file.storyboard; path = GeneralSetting.storyboard; sourceTree = "<group>"; };
		84A96888212BC8F400EF5BA8 /* PageViewController.swift */ = {isa = PBXFileReference; lastKnownFileType = sourcecode.swift; path = PageViewController.swift; sourceTree = "<group>"; };
		84A9688A212BCD9D00EF5BA8 /* ExchangeResultTableViewController.swift */ = {isa = PBXFileReference; lastKnownFileType = sourcecode.swift; path = ExchangeResultTableViewController.swift; sourceTree = "<group>"; };
		AB643E9ED0FC3CD6539BD0EE /* Pods-PointExchange.debug.xcconfig */ = {isa = PBXFileReference; includeInIndex = 1; lastKnownFileType = text.xcconfig; name = "Pods-PointExchange.debug.xcconfig"; path = "Pods/Target Support Files/Pods-PointExchange/Pods-PointExchange.debug.xcconfig"; sourceTree = "<group>"; };
		B61D90AE20F43A9400A66662 /* Component.swift */ = {isa = PBXFileReference; lastKnownFileType = sourcecode.swift; path = Component.swift; sourceTree = "<group>"; };
		B66CFB1D20F88A18007165DF /* YDMenu.swift */ = {isa = PBXFileReference; fileEncoding = 4; lastKnownFileType = sourcecode.swift; name = YDMenu.swift; path = YDMenu/YDMenu.swift; sourceTree = "<group>"; };
		B66CFB1F20F88A1C007165DF /* YDMenuDataSource.swift */ = {isa = PBXFileReference; lastKnownFileType = sourcecode.swift; path = YDMenuDataSource.swift; sourceTree = "<group>"; };
		B66CFB2120F88AA3007165DF /* YDMenuDelegate.swift */ = {isa = PBXFileReference; fileEncoding = 4; lastKnownFileType = sourcecode.swift; name = YDMenuDelegate.swift; path = YDMenu/YDMenuDelegate.swift; sourceTree = "<group>"; };
		B66CFB2320F88B60007165DF /* MenuData.plist */ = {isa = PBXFileReference; fileEncoding = 4; lastKnownFileType = text.plist.xml; name = MenuData.plist; path = PointExchange/MenuData.plist; sourceTree = "<group>"; };
		B66CFB2820F8AE2C007165DF /* Order.swift */ = {isa = PBXFileReference; lastKnownFileType = sourcecode.swift; path = Order.swift; sourceTree = "<group>"; };
		B66CFB3420F9CD65007165DF /* PointHistoryViewController.swift */ = {isa = PBXFileReference; lastKnownFileType = sourcecode.swift; path = PointHistoryViewController.swift; sourceTree = "<group>"; };
		B66CFB3620F9D6B2007165DF /* PointHistoryTableViewCell.swift */ = {isa = PBXFileReference; lastKnownFileType = sourcecode.swift; path = PointHistoryTableViewCell.swift; sourceTree = "<group>"; };
		B66CFB3C20FC6004007165DF /* ResetPasswordTableViewController.swift */ = {isa = PBXFileReference; lastKnownFileType = sourcecode.swift; path = ResetPasswordTableViewController.swift; sourceTree = "<group>"; };
		B66CFB3E20FC62CC007165DF /* ResetPasswordFinishTableViewController.swift */ = {isa = PBXFileReference; lastKnownFileType = sourcecode.swift; path = ResetPasswordFinishTableViewController.swift; sourceTree = "<group>"; };
		B66CFB4020FE2D45007165DF /* PointsHistory.swift */ = {isa = PBXFileReference; lastKnownFileType = sourcecode.swift; path = PointsHistory.swift; sourceTree = "<group>"; };
		B696E7EA20F4C8A500ABF0D2 /* MerchantChooseTableViewController.swift */ = {isa = PBXFileReference; lastKnownFileType = sourcecode.swift; path = MerchantChooseTableViewController.swift; sourceTree = "<group>"; };
		B696E7EC20F5A87900ABF0D2 /* StringExtension.swift */ = {isa = PBXFileReference; lastKnownFileType = sourcecode.swift; path = StringExtension.swift; sourceTree = "<group>"; };
		B6A6EC4420F05F360079FFA4 /* UIViewExtension.swift */ = {isa = PBXFileReference; lastKnownFileType = sourcecode.swift; path = UIViewExtension.swift; sourceTree = "<group>"; };
		B6A6EC4620F0A8220079FFA4 /* FeedbackViewController.swift */ = {isa = PBXFileReference; lastKnownFileType = sourcecode.swift; path = FeedbackViewController.swift; sourceTree = "<group>"; };
		B6A6EC4820F0A8380079FFA4 /* AboutViewController.swift */ = {isa = PBXFileReference; lastKnownFileType = sourcecode.swift; path = AboutViewController.swift; sourceTree = "<group>"; };
		B6A6EC4A20F0AE160079FFA4 /* UserViewController.swift */ = {isa = PBXFileReference; fileEncoding = 4; lastKnownFileType = sourcecode.swift; path = UserViewController.swift; sourceTree = "<group>"; };
		B6A6EC4C20F0AE490079FFA4 /* UserSettingViewController.swift */ = {isa = PBXFileReference; lastKnownFileType = sourcecode.swift; path = UserSettingViewController.swift; sourceTree = "<group>"; };
		B6A6EC5020F0C9260079FFA4 /* KeychainHandler.swift */ = {isa = PBXFileReference; lastKnownFileType = sourcecode.swift; path = KeychainHandler.swift; sourceTree = "<group>"; };
		B6A6EC5220F0CAE90079FFA4 /* PointExchange.entitlements */ = {isa = PBXFileReference; lastKnownFileType = text.plist.entitlements; path = PointExchange.entitlements; sourceTree = "<group>"; };
		B6A6EC5520F112200079FFA4 /* AddBankCardViewController.swift */ = {isa = PBXFileReference; lastKnownFileType = sourcecode.swift; path = AddBankCardViewController.swift; sourceTree = "<group>"; };
		B6A6EC5720F1C34F0079FFA4 /* OrderDetailTableViewController.swift */ = {isa = PBXFileReference; lastKnownFileType = sourcecode.swift; path = OrderDetailTableViewController.swift; sourceTree = "<group>"; };
		B6A6EC5920F1E6270079FFA4 /* ScanCodeManager.swift */ = {isa = PBXFileReference; lastKnownFileType = sourcecode.swift; path = ScanCodeManager.swift; sourceTree = "<group>"; };
		B6A6EC5B20F201730079FFA4 /* ServerConnector.swift */ = {isa = PBXFileReference; lastKnownFileType = sourcecode.swift; path = ServerConnector.swift; sourceTree = "<group>"; };
		B6A6EC5D20F2024B0079FFA4 /* ServerService.swift */ = {isa = PBXFileReference; lastKnownFileType = sourcecode.swift; path = ServerService.swift; sourceTree = "<group>"; };
		B6A6EC5F20F25B810079FFA4 /* Merchant.swift */ = {isa = PBXFileReference; lastKnownFileType = sourcecode.swift; path = Merchant.swift; sourceTree = "<group>"; };
		B6B866552101768700CE0339 /* HomepagePartViewController.swift */ = {isa = PBXFileReference; lastKnownFileType = sourcecode.swift; path = HomepagePartViewController.swift; sourceTree = "<group>"; };
		B6C480652100C143002ED9C9 /* LoginView.xib */ = {isa = PBXFileReference; lastKnownFileType = file.xib; path = LoginView.xib; sourceTree = "<group>"; };
		B6C480672100F189002ED9C9 /* HomepageStackView.xib */ = {isa = PBXFileReference; lastKnownFileType = file.xib; path = HomepageStackView.xib; sourceTree = "<group>"; };
		B6C480692100F1A3002ED9C9 /* HomepageStackView.swift */ = {isa = PBXFileReference; lastKnownFileType = sourcecode.swift; path = HomepageStackView.swift; sourceTree = "<group>"; };
		C1ED982020EE1C7900A2F0C5 /* User.swift */ = {isa = PBXFileReference; lastKnownFileType = sourcecode.swift; path = User.swift; sourceTree = "<group>"; };
		C1ED982220EE1E3900A2F0C5 /* Card.swift */ = {isa = PBXFileReference; lastKnownFileType = sourcecode.swift; path = Card.swift; sourceTree = "<group>"; };
/* End PBXFileReference section */

/* Begin PBXFrameworksBuildPhase section */
		3E8AB4AA20EDAEDC00915561 /* Frameworks */ = {
			isa = PBXFrameworksBuildPhase;
			buildActionMask = 2147483647;
			files = (
				14ECA9B05A9DED1BC9FCBD4E /* Pods_PointExchange.framework in Frameworks */,
			);
			runOnlyForDeploymentPostprocessing = 0;
		};
/* End PBXFrameworksBuildPhase section */

/* Begin PBXGroup section */
		3E23A74C210DA1AA00D19749 /* Application */ = {
			isa = PBXGroup;
			children = (
				3E8AB4B020EDAEDC00915561 /* AppDelegate.swift */,
			);
			name = Application;
			sourceTree = "<group>";
		};
		3E46B76520EFE1F200843193 /* storyboard */ = {
			isa = PBXGroup;
			children = (
				84A96881212ADDE300EF5BA8 /* UserTab */,
				3E46B75F20EFE05500843193 /* HomePage.storyboard */,
				3E46B75D20EFE00400843193 /* Discover.storyboard */,
				3E46B75920EFDFA000843193 /* Store.storyboard */,
				3E46B75B20EFDFE400843193 /* Exchange.storyboard */,
				3E8AB4C320EDAFB300915561 /* Main.storyboard */,
			);
			name = storyboard;
			sourceTree = "<group>";
		};
		3E46B77820F254C900843193 /* UserTab */ = {
			isa = PBXGroup;
			children = (
				84A968742128548E00EF5BA8 /* General Setting */,
				84A96877212AAEDA00EF5BA8 /* User Setting */,
				842237BE21302EC500CDC7DF /* My order */,
				842237BF21302EED00CDC7DF /* point exchange record */,
				842237C021302F2800CDC7DF /* login/signup/reset */,
				B6A6EC4A20F0AE160079FFA4 /* UserViewController.swift */,
				3ED5F6E3212D444500F46E7C /* TendencySurveyViewController.swift */,
			);
			name = UserTab;
			sourceTree = "<group>";
		};
		3E46B77920F254E800843193 /* ExchangeTab */ = {
			isa = PBXGroup;
			children = (
				3EBA7A9320F8D4E600D31D47 /* FinishExchangeViewController.swift */,
				3E4C155720EE0087000743C0 /* QRScanViewController.swift */,
			);
			name = ExchangeTab;
			sourceTree = "<group>";
		};
		3E46B77A20F254FF00843193 /* HomePageTab */ = {
			isa = PBXGroup;
			children = (
				3E4C155320EDFF5A000743C0 /* MainViewController.swift */,
				B6B866552101768700CE0339 /* HomepagePartViewController.swift */,
				3E46B76C20F09E7900843193 /* ExchangeViewController.swift */,
				B696E7EA20F4C8A500ABF0D2 /* MerchantChooseTableViewController.swift */,
				3EBB5D1720EE7C6200B559BA /* AddCardTableViewController.swift */,
				3EBB5D1520EE668700B559BA /* CardInfoTableViewController.swift */,
				3E46B76820F06E0200843193 /* CardDetailViewController.swift */,
				3EBF049120F99854004D6D8E /* ExchangeHistoryViewController.swift */,
				847D60BD2112D59300612174 /* FinishExchangeToGeneralViewController.swift */,
				84A96888212BC8F400EF5BA8 /* PageViewController.swift */,
				84A9688A212BCD9D00EF5BA8 /* ExchangeResultTableViewController.swift */,
			);
			name = HomePageTab;
			sourceTree = "<group>";
		};
		3E8AB4A420EDAEDC00915561 = {
			isa = PBXGroup;
			children = (
				3E8AB4AF20EDAEDC00915561 /* PointExchange */,
				3E8AB4AE20EDAEDC00915561 /* Products */,
				6F37093A26C5F7D98AB5745B /* Pods */,
				63CAE8CF1E8136F012CC53A9 /* Frameworks */,
				B66CFB2320F88B60007165DF /* MenuData.plist */,
			);
			sourceTree = "<group>";
		};
		3E8AB4AE20EDAEDC00915561 /* Products */ = {
			isa = PBXGroup;
			children = (
				3E8AB4AD20EDAEDC00915561 /* PointExchange.app */,
			);
			name = Products;
			sourceTree = "<group>";
		};
		3E8AB4AF20EDAEDC00915561 /* PointExchange */ = {
			isa = PBXGroup;
			children = (
				B6A6EC5220F0CAE90079FFA4 /* PointExchange.entitlements */,
				3E8AB4B720EDAEDE00915561 /* Assets.xcassets */,
				3E46B76520EFE1F200843193 /* storyboard */,
				B6C480642100C132002ED9C9 /* xib */,
				3EBB5D1020EE1CC300B559BA /* Utility */,
				3EA0334920EDCDF700D05A03 /* Extensions */,
				3E8AB4C720EDBAAF00915561 /* View */,
				3E8AB4C920EDBABF00915561 /* Controller */,
				3E8AB4C820EDBABB00915561 /* Model */,
				3E23A74C210DA1AA00D19749 /* Application */,
				3E8AB4C220EDAF0600915561 /* Supporting Files */,
			);
			path = PointExchange;
			sourceTree = "<group>";
		};
		3E8AB4C220EDAF0600915561 /* Supporting Files */ = {
			isa = PBXGroup;
			children = (
				3E8AB4BC20EDAEDE00915561 /* Info.plist */,
				3E8AB4B920EDAEDE00915561 /* LaunchScreen.storyboard */,
			);
			name = "Supporting Files";
			sourceTree = "<group>";
		};
		3E8AB4C720EDBAAF00915561 /* View */ = {
			isa = PBXGroup;
			children = (
				3E4017EF21005FA700591B77 /* LoginView.swift */,
				3ED5F6E1212A895D00F46E7C /* SignUpView.swift */,
				84A9687C212AD24700EF5BA8 /* ModifyPasswordView.swift */,
				84A96885212AE30D00EF5BA8 /* HomePageTab */,
				842237C42130348200CDC7DF /* DiscoverTab */,
				842237C52130349000CDC7DF /* UserTab */,
			);
			name = View;
			sourceTree = "<group>";
		};
		3E8AB4C820EDBABB00915561 /* Model */ = {
			isa = PBXGroup;
			children = (
				C1ED982020EE1C7900A2F0C5 /* User.swift */,
				C1ED982220EE1E3900A2F0C5 /* Card.swift */,
				B6A6EC5F20F25B810079FFA4 /* Merchant.swift */,
				B66CFB2820F8AE2C007165DF /* Order.swift */,
				B66CFB4020FE2D45007165DF /* PointsHistory.swift */,
				3EFEFA0D210B004600BC760E /* Item.swift */,
				3E23A74F21140AA300D19749 /* ChoosePointInfo.swift */,
				3ED5F6D72122AFC200F46E7C /* OfflineActivity.swift */,
			);
			name = Model;
			sourceTree = "<group>";
		};
		3E8AB4C920EDBABF00915561 /* Controller */ = {
			isa = PBXGroup;
			children = (
				3E46B77A20F254FF00843193 /* HomePageTab */,
				3E46B77820F254C900843193 /* UserTab */,
				3E46B77920F254E800843193 /* ExchangeTab */,
				3E8B15E320F4491E0034896B /* DiscoverTab */,
				3E8B15E420F449320034896B /* StoreTab */,
			);
			name = Controller;
			sourceTree = "<group>";
		};
		3E8B15E320F4491E0034896B /* DiscoverTab */ = {
			isa = PBXGroup;
			children = (
				3E4C155520EDFF87000743C0 /* DiscoverViewController.swift */,
				3EFEFA01210AF72900BC760E /* MerchantDetailViewController.swift */,
				3ED5F6D921240C6300F46E7C /* CouponDetailViewController.swift */,
				3ED5F6DF2126B1A900F46E7C /* ActivityDetailViewController.swift */,
				3EE77DAB212E919300ADDD82 /* SearchResultViewController.swift */,
				3EE77DAF212EAA9700ADDD82 /* SearchResultCouponViewController.swift */,
				3EE77DB1212EAAB000ADDD82 /* SearchResultMerchantViewController.swift */,
				3EE77DB3212EABC500ADDD82 /* SearchResultOfflineViewController.swift */,
			);
			name = DiscoverTab;
			sourceTree = "<group>";
		};
		3E8B15E420F449320034896B /* StoreTab */ = {
			isa = PBXGroup;
			children = (
				3EA3CD0621033D6A00B0392E /* HuaQiStoreWebViewController.swift */,
			);
			name = StoreTab;
			sourceTree = "<group>";
		};
		3EA0334920EDCDF700D05A03 /* Extensions */ = {
			isa = PBXGroup;
			children = (
				844CF6DF211EC05600B232DF /* GradientView.swift */,
				844CF6E0211EC05600B232DF /* LICENSE.txt */,
				3EA0334A20EDCE3E00D05A03 /* UIColorExtension.swift */,
				B6A6EC4420F05F360079FFA4 /* UIViewExtension.swift */,
				3E46B77220F0BD5C00843193 /* UIViewControllerExtension.swift */,
				B696E7EC20F5A87900ABF0D2 /* StringExtension.swift */,
			);
			name = Extensions;
			sourceTree = "<group>";
		};
		3EBB5D1020EE1CC300B559BA /* Utility */ = {
			isa = PBXGroup;
			children = (
				B66CFB1C20F889FF007165DF /* YDMenu */,
				B6A6EC5020F0C9260079FFA4 /* KeychainHandler.swift */,
				B6A6EC5920F1E6270079FFA4 /* ScanCodeManager.swift */,
				3EBB5D1120EE1D0000B559BA /* ImageScrollerViewController.swift */,
				B6A6EC5B20F201730079FFA4 /* ServerConnector.swift */,
				B6A6EC5D20F2024B0079FFA4 /* ServerService.swift */,
				B61D90AE20F43A9400A66662 /* Component.swift */,
			);
			name = Utility;
			sourceTree = "<group>";
		};
		63CAE8CF1E8136F012CC53A9 /* Frameworks */ = {
			isa = PBXGroup;
			children = (
				5A897BC2C945E2D586CADDA3 /* Pods_PointExchange.framework */,
			);
			name = Frameworks;
			sourceTree = "<group>";
		};
		6F37093A26C5F7D98AB5745B /* Pods */ = {
			isa = PBXGroup;
			children = (
				AB643E9ED0FC3CD6539BD0EE /* Pods-PointExchange.debug.xcconfig */,
				7ABB2B870EE98E39B9EDF074 /* Pods-PointExchange.release.xcconfig */,
			);
			name = Pods;
			sourceTree = "<group>";
		};
		842237BE21302EC500CDC7DF /* My order */ = {
			isa = PBXGroup;
			children = (
				3EECCEC6211FED5100A73B9F /* OrdersViewController.swift */,
				3E3327872120019900426518 /* CouponHistoryViewController.swift */,
				3E3327912120507B00426518 /* CouponHistoryContainerViewContainer.swift */,
				3E3327932120762D00426518 /* OfflineHistoryViewController.swift */,
				3ED5F6DB2124242800F46E7C /* HistoryCouponDetailViewController.swift */,
				3ED5F6DD2126975200F46E7C /* HistoryOfflineDetailViewController.swift */,
				B6A6EC5720F1C34F0079FFA4 /* OrderDetailTableViewController.swift */,
			);
			name = "My order";
			sourceTree = "<group>";
		};
		842237BF21302EED00CDC7DF /* point exchange record */ = {
			isa = PBXGroup;
			children = (
				B66CFB3420F9CD65007165DF /* PointHistoryViewController.swift */,
			);
			name = "point exchange record";
			sourceTree = "<group>";
		};
		842237C021302F2800CDC7DF /* login/signup/reset */ = {
			isa = PBXGroup;
			children = (
				3E4C155F20EE0185000743C0 /* LoginViewController.swift */,
				3E4C156120EE01AB000743C0 /* SignUpViewController.swift */,
				B66CFB3C20FC6004007165DF /* ResetPasswordTableViewController.swift */,
				B66CFB3E20FC62CC007165DF /* ResetPasswordFinishTableViewController.swift */,
			);
			name = login/signup/reset;
			sourceTree = "<group>";
		};
		842237C12130343500CDC7DF /* HomePageTab */ = {
			isa = PBXGroup;
			children = (
				B6C480672100F189002ED9C9 /* HomepageStackView.xib */,
				3EA3CD042102472000B0392E /* ExchangeItemCellView.xib */,
				3E519ADC2135238900D4D5D9 /* HomepageCardInfoView.xib */,
			);
			name = HomePageTab;
			sourceTree = "<group>";
		};
		842237C22130344D00CDC7DF /* DiscoverTab */ = {
			isa = PBXGroup;
			children = (
				3ED5F6D42122985C00F46E7C /* MerchantCouponTableViewCell.xib */,
				3EFEFA0A210AFD7100BC760E /* DiscountTableViewCell.xib */,
				3E23A752211E94A600D19749 /* DiscoverCouponView.xib */,
				3E5FD377211ECCA600ECE558 /* DsMerchantTableViewCell.xib */,
				3EE77DB62133B9AC00ADDD82 /* SearchTableViewCell.xib */,
			);
			name = DiscoverTab;
			sourceTree = "<group>";
		};
		842237C32130346700CDC7DF /* UserTab */ = {
			isa = PBXGroup;
			children = (
				3E33278E2120041900426518 /* HistoryTableViewCell.xib */,
				3E33279721215A8B00426518 /* PointHistoryTableViewCell.xib */,
				3E33279A2121723D00426518 /* PointHistoryDetailTableViewCell.xib */,
				3ED5F6CF2122888400F46E7C /* OfflineCardView.xib */,
			);
			name = UserTab;
			sourceTree = "<group>";
		};
		842237C42130348200CDC7DF /* DiscoverTab */ = {
			isa = PBXGroup;
			children = (
				3ED5F6D32122985C00F46E7C /* MerchantCouponTableViewCell.swift */,
				3EFEFA09210AFD7100BC760E /* DiscountTableViewCell.swift */,
				3E23A755211EC01600D19749 /* DiscoverCouponView.swift */,
				3E5FD376211ECCA600ECE558 /* DsMerchantTableViewCell.swift */,
				3EE77DB52133B9AC00ADDD82 /* SearchTableViewCell.swift */,
			);
			name = DiscoverTab;
			sourceTree = "<group>";
		};
		842237C52130349000CDC7DF /* UserTab */ = {
			isa = PBXGroup;
			children = (
				3E33278D2120041900426518 /* HistoryTableViewCell.swift */,
				B66CFB3620F9D6B2007165DF /* PointHistoryTableViewCell.swift */,
				3E3327992121723D00426518 /* PointHistoryDetailTableViewCell.swift */,
				3ED5F6D12122892900F46E7C /* OfflineCardView.swift */,
			);
			name = UserTab;
			sourceTree = "<group>";
		};
		84A968742128548E00EF5BA8 /* General Setting */ = {
			isa = PBXGroup;
			children = (
				3E4C155B20EE0117000743C0 /* SettingViewController.swift */,
				B6A6EC4620F0A8220079FFA4 /* FeedbackViewController.swift */,
				B6A6EC4820F0A8380079FFA4 /* AboutViewController.swift */,
			);
			name = "General Setting";
			sourceTree = "<group>";
		};
		84A96877212AAEDA00EF5BA8 /* User Setting */ = {
			isa = PBXGroup;
			children = (
				B6A6EC4C20F0AE490079FFA4 /* UserSettingViewController.swift */,
				84A96878212ACBB000EF5BA8 /* ModifyPasswordViewController.swift */,
				B6A6EC5520F112200079FFA4 /* AddBankCardViewController.swift */,
			);
			name = "User Setting";
			sourceTree = "<group>";
		};
		84A96881212ADDE300EF5BA8 /* UserTab */ = {
			isa = PBXGroup;
			children = (
				3E46B76220EFE0B400843193 /* User.storyboard */,
				84A96883212AE25500EF5BA8 /* GeneralSetting.storyboard */,
				84A9687E212ADA1500EF5BA8 /* UserSetting.storyboard */,
			);
			name = UserTab;
			sourceTree = "<group>";
		};
		84A96885212AE30D00EF5BA8 /* HomePageTab */ = {
			isa = PBXGroup;
			children = (
				3EBF049720FDAD13004D6D8E /* MaskView.swift */,
				B6C480692100F1A3002ED9C9 /* HomepageStackView.swift */,
				84A968722121C5A000EF5BA8 /* ExchangedPointsCell.swift */,
				3EA3CD002100ED8B00B0392E /* ExchangeItemCellView.swift */,
				3E519ADE213523DD00D4D5D9 /* HomepageCardInfoView.swift */,
			);
			name = HomePageTab;
			sourceTree = "<group>";
		};
		B66CFB1C20F889FF007165DF /* YDMenu */ = {
			isa = PBXGroup;
			children = (
				B66CFB2120F88AA3007165DF /* YDMenuDelegate.swift */,
				B66CFB1F20F88A1C007165DF /* YDMenuDataSource.swift */,
				B66CFB1D20F88A18007165DF /* YDMenu.swift */,
			);
			name = YDMenu;
			sourceTree = "<group>";
		};
		B6C480642100C132002ED9C9 /* xib */ = {
			isa = PBXGroup;
			children = (
				B6C480652100C143002ED9C9 /* LoginView.xib */,
				84A968752129551F00EF5BA8 /* SignUpView.xib */,
				84A9687A212ACCDC00EF5BA8 /* ModifyPasswordView.xib */,
				842237C12130343500CDC7DF /* HomePageTab */,
				842237C22130344D00CDC7DF /* DiscoverTab */,
				842237C32130346700CDC7DF /* UserTab */,
			);
			name = xib;
			sourceTree = "<group>";
		};
/* End PBXGroup section */

/* Begin PBXNativeTarget section */
		3E8AB4AC20EDAEDC00915561 /* PointExchange */ = {
			isa = PBXNativeTarget;
			buildConfigurationList = 3E8AB4BF20EDAEDE00915561 /* Build configuration list for PBXNativeTarget "PointExchange" */;
			buildPhases = (
				64A4FF8C2DC9B749279B719C /* [CP] Check Pods Manifest.lock */,
				3E8AB4A920EDAEDC00915561 /* Sources */,
				3E8AB4AA20EDAEDC00915561 /* Frameworks */,
				3E8AB4AB20EDAEDC00915561 /* Resources */,
				4496219832B8D03BF19FBED0 /* [CP] Embed Pods Frameworks */,
			);
			buildRules = (
			);
			dependencies = (
			);
			name = PointExchange;
			productName = PointExchange;
			productReference = 3E8AB4AD20EDAEDC00915561 /* PointExchange.app */;
			productType = "com.apple.product-type.application";
		};
/* End PBXNativeTarget section */

/* Begin PBXProject section */
		3E8AB4A520EDAEDC00915561 /* Project object */ = {
			isa = PBXProject;
			attributes = {
				LastSwiftUpdateCheck = 0940;
				LastUpgradeCheck = 0940;
				ORGANIZATIONNAME = WannaWin;
				TargetAttributes = {
					3E8AB4AC20EDAEDC00915561 = {
						CreatedOnToolsVersion = 9.4.1;
						SystemCapabilities = {
							com.apple.Keychain = {
								enabled = 1;
							};
						};
					};
				};
			};
			buildConfigurationList = 3E8AB4A820EDAEDC00915561 /* Build configuration list for PBXProject "PointExchange" */;
			compatibilityVersion = "Xcode 9.3";
			developmentRegion = en;
			hasScannedForEncodings = 0;
			knownRegions = (
				en,
				Base,
			);
			mainGroup = 3E8AB4A420EDAEDC00915561;
			productRefGroup = 3E8AB4AE20EDAEDC00915561 /* Products */;
			projectDirPath = "";
			projectRoot = "";
			targets = (
				3E8AB4AC20EDAEDC00915561 /* PointExchange */,
			);
		};
/* End PBXProject section */

/* Begin PBXResourcesBuildPhase section */
		3E8AB4AB20EDAEDC00915561 /* Resources */ = {
			isa = PBXResourcesBuildPhase;
			buildActionMask = 2147483647;
			files = (
				3ED5F6D62122985C00F46E7C /* MerchantCouponTableViewCell.xib in Resources */,
				3E46B75A20EFDFA000843193 /* Store.storyboard in Resources */,
				3EFEFA0C210AFD7100BC760E /* DiscountTableViewCell.xib in Resources */,
				3E8AB4C520EDAFB300915561 /* Main.storyboard in Resources */,
				3E46B75C20EFDFE400843193 /* Exchange.storyboard in Resources */,
				3E3327902120041900426518 /* HistoryTableViewCell.xib in Resources */,
				3E33279C2121723D00426518 /* PointHistoryDetailTableViewCell.xib in Resources */,
				B66CFB2420F88B60007165DF /* MenuData.plist in Resources */,
				3E8AB4BB20EDAEDE00915561 /* LaunchScreen.storyboard in Resources */,
				844CF6E2211EC05600B232DF /* LICENSE.txt in Resources */,
				84A9687F212ADA1500EF5BA8 /* UserSetting.storyboard in Resources */,
				3E519ADD2135238900D4D5D9 /* HomepageCardInfoView.xib in Resources */,
				3E46B76120EFE05500843193 /* HomePage.storyboard in Resources */,
				3E33279821215A8B00426518 /* PointHistoryTableViewCell.xib in Resources */,
				3E46B76420EFE0B400843193 /* User.storyboard in Resources */,
				3E8AB4B820EDAEDE00915561 /* Assets.xcassets in Resources */,
				3EA3CD052102472000B0392E /* ExchangeItemCellView.xib in Resources */,
				3E23A754211E94A600D19749 /* DiscoverCouponView.xib in Resources */,
				84A9687B212ACCDC00EF5BA8 /* ModifyPasswordView.xib in Resources */,
				84A96884212AE25500EF5BA8 /* GeneralSetting.storyboard in Resources */,
				84A968762129551F00EF5BA8 /* SignUpView.xib in Resources */,
				3ED5F6D02122888400F46E7C /* OfflineCardView.xib in Resources */,
				3E5FD379211ECCA600ECE558 /* DsMerchantTableViewCell.xib in Resources */,
				B6C480682100F189002ED9C9 /* HomepageStackView.xib in Resources */,
				B6C480662100C143002ED9C9 /* LoginView.xib in Resources */,
				3E46B75E20EFE00400843193 /* Discover.storyboard in Resources */,
				3EE77DB82133B9AC00ADDD82 /* SearchTableViewCell.xib in Resources */,
			);
			runOnlyForDeploymentPostprocessing = 0;
		};
/* End PBXResourcesBuildPhase section */

/* Begin PBXShellScriptBuildPhase section */
		4496219832B8D03BF19FBED0 /* [CP] Embed Pods Frameworks */ = {
			isa = PBXShellScriptBuildPhase;
			buildActionMask = 2147483647;
			files = (
			);
			inputPaths = (
				"${SRCROOT}/Pods/Target Support Files/Pods-PointExchange/Pods-PointExchange-frameworks.sh",
				"${BUILT_PRODUCTS_DIR}/AFImageHelper/AFImageHelper.framework",
				"${BUILT_PRODUCTS_DIR}/Alamofire/Alamofire.framework",
				"${BUILT_PRODUCTS_DIR}/Differentiator/Differentiator.framework",
				"${BUILT_PRODUCTS_DIR}/ESPullToRefresh/ESPullToRefresh.framework",
				"${BUILT_PRODUCTS_DIR}/ExpyTableView/ExpyTableView.framework",
				"${BUILT_PRODUCTS_DIR}/Hero/Hero.framework",
				"${BUILT_PRODUCTS_DIR}/Kingfisher/Kingfisher.framework",
				"${BUILT_PRODUCTS_DIR}/Moya/Moya.framework",
				"${BUILT_PRODUCTS_DIR}/PageMenu/PageMenu.framework",
				"${BUILT_PRODUCTS_DIR}/Pageboy/Pageboy.framework",
				"${BUILT_PRODUCTS_DIR}/Result/Result.framework",
				"${BUILT_PRODUCTS_DIR}/RxCocoa/RxCocoa.framework",
				"${BUILT_PRODUCTS_DIR}/RxDataSources/RxDataSources.framework",
				"${BUILT_PRODUCTS_DIR}/RxSwift/RxSwift.framework",
				"${BUILT_PRODUCTS_DIR}/SnapKit/SnapKit.framework",
				"${BUILT_PRODUCTS_DIR}/SwiftyJSON/SwiftyJSON.framework",
				"${BUILT_PRODUCTS_DIR}/Valet/Valet.framework",
			);
			name = "[CP] Embed Pods Frameworks";
			outputPaths = (
				"${TARGET_BUILD_DIR}/${FRAMEWORKS_FOLDER_PATH}/AFImageHelper.framework",
				"${TARGET_BUILD_DIR}/${FRAMEWORKS_FOLDER_PATH}/Alamofire.framework",
				"${TARGET_BUILD_DIR}/${FRAMEWORKS_FOLDER_PATH}/Differentiator.framework",
				"${TARGET_BUILD_DIR}/${FRAMEWORKS_FOLDER_PATH}/ESPullToRefresh.framework",
				"${TARGET_BUILD_DIR}/${FRAMEWORKS_FOLDER_PATH}/ExpyTableView.framework",
				"${TARGET_BUILD_DIR}/${FRAMEWORKS_FOLDER_PATH}/Hero.framework",
				"${TARGET_BUILD_DIR}/${FRAMEWORKS_FOLDER_PATH}/Kingfisher.framework",
				"${TARGET_BUILD_DIR}/${FRAMEWORKS_FOLDER_PATH}/Moya.framework",
				"${TARGET_BUILD_DIR}/${FRAMEWORKS_FOLDER_PATH}/PageMenu.framework",
				"${TARGET_BUILD_DIR}/${FRAMEWORKS_FOLDER_PATH}/Pageboy.framework",
				"${TARGET_BUILD_DIR}/${FRAMEWORKS_FOLDER_PATH}/Result.framework",
				"${TARGET_BUILD_DIR}/${FRAMEWORKS_FOLDER_PATH}/RxCocoa.framework",
				"${TARGET_BUILD_DIR}/${FRAMEWORKS_FOLDER_PATH}/RxDataSources.framework",
				"${TARGET_BUILD_DIR}/${FRAMEWORKS_FOLDER_PATH}/RxSwift.framework",
				"${TARGET_BUILD_DIR}/${FRAMEWORKS_FOLDER_PATH}/SnapKit.framework",
				"${TARGET_BUILD_DIR}/${FRAMEWORKS_FOLDER_PATH}/SwiftyJSON.framework",
				"${TARGET_BUILD_DIR}/${FRAMEWORKS_FOLDER_PATH}/Valet.framework",
			);
			runOnlyForDeploymentPostprocessing = 0;
			shellPath = /bin/sh;
			shellScript = "\"${SRCROOT}/Pods/Target Support Files/Pods-PointExchange/Pods-PointExchange-frameworks.sh\"\n";
			showEnvVarsInLog = 0;
		};
		64A4FF8C2DC9B749279B719C /* [CP] Check Pods Manifest.lock */ = {
			isa = PBXShellScriptBuildPhase;
			buildActionMask = 2147483647;
			files = (
			);
			inputPaths = (
				"${PODS_PODFILE_DIR_PATH}/Podfile.lock",
				"${PODS_ROOT}/Manifest.lock",
			);
			name = "[CP] Check Pods Manifest.lock";
			outputPaths = (
				"$(DERIVED_FILE_DIR)/Pods-PointExchange-checkManifestLockResult.txt",
			);
			runOnlyForDeploymentPostprocessing = 0;
			shellPath = /bin/sh;
			shellScript = "diff \"${PODS_PODFILE_DIR_PATH}/Podfile.lock\" \"${PODS_ROOT}/Manifest.lock\" > /dev/null\nif [ $? != 0 ] ; then\n    # print error to STDERR\n    echo \"error: The sandbox is not in sync with the Podfile.lock. Run 'pod install' or update your CocoaPods installation.\" >&2\n    exit 1\nfi\n# This output is used by Xcode 'outputs' to avoid re-running this script phase.\necho \"SUCCESS\" > \"${SCRIPT_OUTPUT_FILE_0}\"\n";
			showEnvVarsInLog = 0;
		};
/* End PBXShellScriptBuildPhase section */

/* Begin PBXSourcesBuildPhase section */
		3E8AB4A920EDAEDC00915561 /* Sources */ = {
			isa = PBXSourcesBuildPhase;
			buildActionMask = 2147483647;
			files = (
				3EBB5D1620EE668700B559BA /* CardInfoTableViewController.swift in Sources */,
				B61D90AF20F43A9400A66662 /* Component.swift in Sources */,
				3ED5F6DE2126975200F46E7C /* HistoryOfflineDetailViewController.swift in Sources */,
				3EBB5D1320EE27E200B559BA /* ImageScrollerViewController.swift in Sources */,
				B6A6EC4720F0A8220079FFA4 /* FeedbackViewController.swift in Sources */,
				B6A6EC5E20F2024B0079FFA4 /* ServerService.swift in Sources */,
				3EBB5D1420EE27E200B559BA /* MainViewController.swift in Sources */,
				3E23A75021140AA300D19749 /* ChoosePointInfo.swift in Sources */,
				B6A6EC4B20F0AE160079FFA4 /* UserViewController.swift in Sources */,
				3E4C156020EE0185000743C0 /* LoginViewController.swift in Sources */,
				B66CFB3520F9CD65007165DF /* PointHistoryViewController.swift in Sources */,
				3E8AB4B120EDAEDC00915561 /* AppDelegate.swift in Sources */,
				844CF6E1211EC05600B232DF /* GradientView.swift in Sources */,
				3E3327882120019900426518 /* CouponHistoryViewController.swift in Sources */,
				3ED5F6E2212A895D00F46E7C /* SignUpView.swift in Sources */,
				3E4017F021005FA700591B77 /* LoginView.swift in Sources */,
				B6A6EC6020F25B810079FFA4 /* Merchant.swift in Sources */,
				3ED5F6DC2124242800F46E7C /* HistoryCouponDetailViewController.swift in Sources */,
				3ED5F6D52122985C00F46E7C /* MerchantCouponTableViewCell.swift in Sources */,
				847D60BE2112D59300612174 /* FinishExchangeToGeneralViewController.swift in Sources */,
				3ED5F6D22122892900F46E7C /* OfflineCardView.swift in Sources */,
				3EE77DB72133B9AC00ADDD82 /* SearchTableViewCell.swift in Sources */,
				3EE77DB4212EABC500ADDD82 /* SearchResultOfflineViewController.swift in Sources */,
				3E46B76920F06E0200843193 /* CardDetailViewController.swift in Sources */,
				3E4C155620EDFF87000743C0 /* DiscoverViewController.swift in Sources */,
				3ED5F6D82122AFC200F46E7C /* OfflineActivity.swift in Sources */,
				3E46B76D20F09E7900843193 /* ExchangeViewController.swift in Sources */,
				B6A6EC4520F05F360079FFA4 /* UIViewExtension.swift in Sources */,
				B6A6EC5620F112200079FFA4 /* AddBankCardViewController.swift in Sources */,
				B696E7ED20F5A87900ABF0D2 /* StringExtension.swift in Sources */,
				B66CFB2220F88AA3007165DF /* YDMenuDelegate.swift in Sources */,
				B66CFB2020F88A1C007165DF /* YDMenuDataSource.swift in Sources */,
				3EBB5D1820EE7C6200B559BA /* AddCardTableViewController.swift in Sources */,
				B6C4806A2100F1A3002ED9C9 /* HomepageStackView.swift in Sources */,
				B6A6EC5120F0C9260079FFA4 /* KeychainHandler.swift in Sources */,
				3EE77DB0212EAA9700ADDD82 /* SearchResultCouponViewController.swift in Sources */,
				B6A6EC5A20F1E6270079FFA4 /* ScanCodeManager.swift in Sources */,
				3E4C156220EE01AB000743C0 /* SignUpViewController.swift in Sources */,
				3ED5F6DA21240C6300F46E7C /* CouponDetailViewController.swift in Sources */,
				3E519ADF213523DD00D4D5D9 /* HomepageCardInfoView.swift in Sources */,
				3E46B77320F0BD5C00843193 /* UIViewControllerExtension.swift in Sources */,
				3EFEFA0E210B004600BC760E /* Item.swift in Sources */,
				3ED5F6E4212D444500F46E7C /* TendencySurveyViewController.swift in Sources */,
				3EA3CD012100ED8B00B0392E /* ExchangeItemCellView.swift in Sources */,
				B66CFB3720F9D6B2007165DF /* PointHistoryTableViewCell.swift in Sources */,
				B66CFB1E20F88A18007165DF /* YDMenu.swift in Sources */,
				3EBF049820FDAD13004D6D8E /* MaskView.swift in Sources */,
				B66CFB3D20FC6004007165DF /* ResetPasswordTableViewController.swift in Sources */,
				84A9688B212BCD9D00EF5BA8 /* ExchangeResultTableViewController.swift in Sources */,
				3EA0334B20EDCE3E00D05A03 /* UIColorExtension.swift in Sources */,
				3EBA7A9420F8D4E600D31D47 /* FinishExchangeViewController.swift in Sources */,
				84A9687D212AD24700EF5BA8 /* ModifyPasswordView.swift in Sources */,
				B6A6EC4920F0A8380079FFA4 /* AboutViewController.swift in Sources */,
				3E33278F2120041900426518 /* HistoryTableViewCell.swift in Sources */,
				B6B866562101768700CE0339 /* HomepagePartViewController.swift in Sources */,
				3EFEFA0B210AFD7100BC760E /* DiscountTableViewCell.swift in Sources */,
				84A96879212ACBB100EF5BA8 /* ModifyPasswordViewController.swift in Sources */,
				B6A6EC5820F1C34F0079FFA4 /* OrderDetailTableViewController.swift in Sources */,
				3EA3CD0721033D6A00B0392E /* HuaQiStoreWebViewController.swift in Sources */,
				3E4C155820EE0087000743C0 /* QRScanViewController.swift in Sources */,
				3E33279B2121723D00426518 /* PointHistoryDetailTableViewCell.swift in Sources */,
				3E5FD378211ECCA600ECE558 /* DsMerchantTableViewCell.swift in Sources */,
				84A96889212BC8F400EF5BA8 /* PageViewController.swift in Sources */,
				B6A6EC4D20F0AE490079FFA4 /* UserSettingViewController.swift in Sources */,
				C1ED982320EE1E3900A2F0C5 /* Card.swift in Sources */,
				3EE77DAC212E919300ADDD82 /* SearchResultViewController.swift in Sources */,
				3E4C155C20EE0117000743C0 /* SettingViewController.swift in Sources */,
				3EFEFA02210AF72900BC760E /* MerchantDetailViewController.swift in Sources */,
				3EBF049220F99854004D6D8E /* ExchangeHistoryViewController.swift in Sources */,
				B66CFB2920F8AE2C007165DF /* Order.swift in Sources */,
				3EE77DB2212EAAB000ADDD82 /* SearchResultMerchantViewController.swift in Sources */,
				3E3327942120762D00426518 /* OfflineHistoryViewController.swift in Sources */,
				B6A6EC5C20F201730079FFA4 /* ServerConnector.swift in Sources */,
				3E23A756211EC01600D19749 /* DiscoverCouponView.swift in Sources */,
				84A968732121C5A000EF5BA8 /* ExchangedPointsCell.swift in Sources */,
				C1ED982120EE1C7900A2F0C5 /* User.swift in Sources */,
				3EECCEC7211FED5100A73B9F /* OrdersViewController.swift in Sources */,
				B66CFB4120FE2D45007165DF /* PointsHistory.swift in Sources */,
				3ED5F6E02126B1A900F46E7C /* ActivityDetailViewController.swift in Sources */,
				B696E7EB20F4C8A500ABF0D2 /* MerchantChooseTableViewController.swift in Sources */,
				3E3327922120507B00426518 /* CouponHistoryContainerViewContainer.swift in Sources */,
				B66CFB3F20FC62CC007165DF /* ResetPasswordFinishTableViewController.swift in Sources */,
			);
			runOnlyForDeploymentPostprocessing = 0;
		};
/* End PBXSourcesBuildPhase section */

/* Begin PBXVariantGroup section */
		3E46B75F20EFE05500843193 /* HomePage.storyboard */ = {
			isa = PBXVariantGroup;
			children = (
				3E46B76020EFE05500843193 /* Base */,
			);
			name = HomePage.storyboard;
			sourceTree = "<group>";
		};
		3E46B76220EFE0B400843193 /* User.storyboard */ = {
			isa = PBXVariantGroup;
			children = (
				3E46B76320EFE0B400843193 /* Base */,
			);
			name = User.storyboard;
			sourceTree = "<group>";
		};
		3E8AB4B920EDAEDE00915561 /* LaunchScreen.storyboard */ = {
			isa = PBXVariantGroup;
			children = (
				3E8AB4BA20EDAEDE00915561 /* Base */,
			);
			name = LaunchScreen.storyboard;
			sourceTree = "<group>";
		};
		3E8AB4C320EDAFB300915561 /* Main.storyboard */ = {
			isa = PBXVariantGroup;
			children = (
				3E8AB4C420EDAFB300915561 /* Base */,
			);
			name = Main.storyboard;
			sourceTree = "<group>";
		};
/* End PBXVariantGroup section */

/* Begin XCBuildConfiguration section */
		3E8AB4BD20EDAEDE00915561 /* Debug */ = {
			isa = XCBuildConfiguration;
			buildSettings = {
				ALWAYS_SEARCH_USER_PATHS = NO;
				CLANG_ANALYZER_NONNULL = YES;
				CLANG_ANALYZER_NUMBER_OBJECT_CONVERSION = YES_AGGRESSIVE;
				CLANG_CXX_LANGUAGE_STANDARD = "gnu++14";
				CLANG_CXX_LIBRARY = "libc++";
				CLANG_ENABLE_MODULES = YES;
				CLANG_ENABLE_OBJC_ARC = YES;
				CLANG_ENABLE_OBJC_WEAK = YES;
				CLANG_WARN_BLOCK_CAPTURE_AUTORELEASING = YES;
				CLANG_WARN_BOOL_CONVERSION = YES;
				CLANG_WARN_COMMA = YES;
				CLANG_WARN_CONSTANT_CONVERSION = YES;
				CLANG_WARN_DEPRECATED_OBJC_IMPLEMENTATIONS = YES;
				CLANG_WARN_DIRECT_OBJC_ISA_USAGE = YES_ERROR;
				CLANG_WARN_DOCUMENTATION_COMMENTS = YES;
				CLANG_WARN_EMPTY_BODY = YES;
				CLANG_WARN_ENUM_CONVERSION = YES;
				CLANG_WARN_INFINITE_RECURSION = YES;
				CLANG_WARN_INT_CONVERSION = YES;
				CLANG_WARN_NON_LITERAL_NULL_CONVERSION = YES;
				CLANG_WARN_OBJC_IMPLICIT_RETAIN_SELF = YES;
				CLANG_WARN_OBJC_LITERAL_CONVERSION = YES;
				CLANG_WARN_OBJC_ROOT_CLASS = YES_ERROR;
				CLANG_WARN_RANGE_LOOP_ANALYSIS = YES;
				CLANG_WARN_STRICT_PROTOTYPES = YES;
				CLANG_WARN_SUSPICIOUS_MOVE = YES;
				CLANG_WARN_UNGUARDED_AVAILABILITY = YES_AGGRESSIVE;
				CLANG_WARN_UNREACHABLE_CODE = YES;
				CLANG_WARN__DUPLICATE_METHOD_MATCH = YES;
				CODE_SIGN_IDENTITY = "iPhone Developer";
				COPY_PHASE_STRIP = NO;
				DEBUG_INFORMATION_FORMAT = dwarf;
				ENABLE_STRICT_OBJC_MSGSEND = YES;
				ENABLE_TESTABILITY = YES;
				GCC_C_LANGUAGE_STANDARD = gnu11;
				GCC_DYNAMIC_NO_PIC = NO;
				GCC_NO_COMMON_BLOCKS = YES;
				GCC_OPTIMIZATION_LEVEL = 0;
				GCC_PREPROCESSOR_DEFINITIONS = (
					"DEBUG=1",
					"$(inherited)",
				);
				GCC_WARN_64_TO_32_BIT_CONVERSION = YES;
				GCC_WARN_ABOUT_RETURN_TYPE = YES_ERROR;
				GCC_WARN_UNDECLARED_SELECTOR = YES;
				GCC_WARN_UNINITIALIZED_AUTOS = YES_AGGRESSIVE;
				GCC_WARN_UNUSED_FUNCTION = YES;
				GCC_WARN_UNUSED_VARIABLE = YES;
				IPHONEOS_DEPLOYMENT_TARGET = 11.4;
				MTL_ENABLE_DEBUG_INFO = YES;
				ONLY_ACTIVE_ARCH = YES;
				SDKROOT = iphoneos;
				SWIFT_ACTIVE_COMPILATION_CONDITIONS = DEBUG;
				SWIFT_OPTIMIZATION_LEVEL = "-Onone";
			};
			name = Debug;
		};
		3E8AB4BE20EDAEDE00915561 /* Release */ = {
			isa = XCBuildConfiguration;
			buildSettings = {
				ALWAYS_SEARCH_USER_PATHS = NO;
				CLANG_ANALYZER_NONNULL = YES;
				CLANG_ANALYZER_NUMBER_OBJECT_CONVERSION = YES_AGGRESSIVE;
				CLANG_CXX_LANGUAGE_STANDARD = "gnu++14";
				CLANG_CXX_LIBRARY = "libc++";
				CLANG_ENABLE_MODULES = YES;
				CLANG_ENABLE_OBJC_ARC = YES;
				CLANG_ENABLE_OBJC_WEAK = YES;
				CLANG_WARN_BLOCK_CAPTURE_AUTORELEASING = YES;
				CLANG_WARN_BOOL_CONVERSION = YES;
				CLANG_WARN_COMMA = YES;
				CLANG_WARN_CONSTANT_CONVERSION = YES;
				CLANG_WARN_DEPRECATED_OBJC_IMPLEMENTATIONS = YES;
				CLANG_WARN_DIRECT_OBJC_ISA_USAGE = YES_ERROR;
				CLANG_WARN_DOCUMENTATION_COMMENTS = YES;
				CLANG_WARN_EMPTY_BODY = YES;
				CLANG_WARN_ENUM_CONVERSION = YES;
				CLANG_WARN_INFINITE_RECURSION = YES;
				CLANG_WARN_INT_CONVERSION = YES;
				CLANG_WARN_NON_LITERAL_NULL_CONVERSION = YES;
				CLANG_WARN_OBJC_IMPLICIT_RETAIN_SELF = YES;
				CLANG_WARN_OBJC_LITERAL_CONVERSION = YES;
				CLANG_WARN_OBJC_ROOT_CLASS = YES_ERROR;
				CLANG_WARN_RANGE_LOOP_ANALYSIS = YES;
				CLANG_WARN_STRICT_PROTOTYPES = YES;
				CLANG_WARN_SUSPICIOUS_MOVE = YES;
				CLANG_WARN_UNGUARDED_AVAILABILITY = YES_AGGRESSIVE;
				CLANG_WARN_UNREACHABLE_CODE = YES;
				CLANG_WARN__DUPLICATE_METHOD_MATCH = YES;
				CODE_SIGN_IDENTITY = "iPhone Developer";
				COPY_PHASE_STRIP = NO;
				DEBUG_INFORMATION_FORMAT = "dwarf-with-dsym";
				ENABLE_NS_ASSERTIONS = NO;
				ENABLE_STRICT_OBJC_MSGSEND = YES;
				GCC_C_LANGUAGE_STANDARD = gnu11;
				GCC_NO_COMMON_BLOCKS = YES;
				GCC_WARN_64_TO_32_BIT_CONVERSION = YES;
				GCC_WARN_ABOUT_RETURN_TYPE = YES_ERROR;
				GCC_WARN_UNDECLARED_SELECTOR = YES;
				GCC_WARN_UNINITIALIZED_AUTOS = YES_AGGRESSIVE;
				GCC_WARN_UNUSED_FUNCTION = YES;
				GCC_WARN_UNUSED_VARIABLE = YES;
				IPHONEOS_DEPLOYMENT_TARGET = 11.4;
				MTL_ENABLE_DEBUG_INFO = NO;
				SDKROOT = iphoneos;
				SWIFT_COMPILATION_MODE = wholemodule;
				SWIFT_OPTIMIZATION_LEVEL = "-O";
				VALIDATE_PRODUCT = YES;
			};
			name = Release;
		};
		3E8AB4C020EDAEDE00915561 /* Debug */ = {
			isa = XCBuildConfiguration;
			baseConfigurationReference = AB643E9ED0FC3CD6539BD0EE /* Pods-PointExchange.debug.xcconfig */;
			buildSettings = {
				ASSETCATALOG_COMPILER_APPICON_NAME = AppIcon;
				CODE_SIGN_ENTITLEMENTS = PointExchange/PointExchange.entitlements;
				CODE_SIGN_STYLE = Automatic;
				DEVELOPMENT_TEAM = W4GH5MNPHW;
				HEADER_SEARCH_PATHS = /Pods;
				INFOPLIST_FILE = PointExchange/Info.plist;
				LD_RUNPATH_SEARCH_PATHS = (
					"$(inherited)",
					"@executable_path/Frameworks",
				);
				PRODUCT_BUNDLE_IDENTIFIER = WannaWin.PointExchange;
				PRODUCT_NAME = "$(TARGET_NAME)";
				SWIFT_VERSION = 4.0;
				TARGETED_DEVICE_FAMILY = "1,2";
			};
			name = Debug;
		};
		3E8AB4C120EDAEDE00915561 /* Release */ = {
			isa = XCBuildConfiguration;
			baseConfigurationReference = 7ABB2B870EE98E39B9EDF074 /* Pods-PointExchange.release.xcconfig */;
			buildSettings = {
				ASSETCATALOG_COMPILER_APPICON_NAME = AppIcon;
				CODE_SIGN_ENTITLEMENTS = PointExchange/PointExchange.entitlements;
				CODE_SIGN_STYLE = Automatic;
				DEVELOPMENT_TEAM = W4GH5MNPHW;
				HEADER_SEARCH_PATHS = /Pods;
				INFOPLIST_FILE = PointExchange/Info.plist;
				LD_RUNPATH_SEARCH_PATHS = (
					"$(inherited)",
					"@executable_path/Frameworks",
				);
				PRODUCT_BUNDLE_IDENTIFIER = WannaWin.PointExchange;
				PRODUCT_NAME = "$(TARGET_NAME)";
				SWIFT_VERSION = 4.0;
				TARGETED_DEVICE_FAMILY = "1,2";
			};
			name = Release;
		};
/* End XCBuildConfiguration section */

/* Begin XCConfigurationList section */
		3E8AB4A820EDAEDC00915561 /* Build configuration list for PBXProject "PointExchange" */ = {
			isa = XCConfigurationList;
			buildConfigurations = (
				3E8AB4BD20EDAEDE00915561 /* Debug */,
				3E8AB4BE20EDAEDE00915561 /* Release */,
			);
			defaultConfigurationIsVisible = 0;
			defaultConfigurationName = Release;
		};
		3E8AB4BF20EDAEDE00915561 /* Build configuration list for PBXNativeTarget "PointExchange" */ = {
			isa = XCConfigurationList;
			buildConfigurations = (
				3E8AB4C020EDAEDE00915561 /* Debug */,
				3E8AB4C120EDAEDE00915561 /* Release */,
			);
			defaultConfigurationIsVisible = 0;
			defaultConfigurationName = Release;
		};
/* End XCConfigurationList section */
	};
	rootObject = 3E8AB4A520EDAEDC00915561 /* Project object */;
}
